// !$*UTF8*$!
{
	archiveVersion = 1;
	classes = {
	};
	objectVersion = 52;
	objects = {

/* Begin PBXBuildFile section */
		F4206D3722C761D000F37DD3 /* ImageLoader.swift in Sources */ = {isa = PBXBuildFile; fileRef = F4206D3622C761D000F37DD3 /* ImageLoader.swift */; };
		F4206D3922C7621800F37DD3 /* ImageService.swift in Sources */ = {isa = PBXBuildFile; fileRef = F4206D3822C7621700F37DD3 /* ImageService.swift */; };
		F4206D3B22C7654000F37DD3 /* ImageListCell.swift in Sources */ = {isa = PBXBuildFile; fileRef = F4206D3A22C7654000F37DD3 /* ImageListCell.swift */; };
		F444E445253994BD00CB8571 /* DateView.swift in Sources */ = {isa = PBXBuildFile; fileRef = F444E444253994BD00CB8571 /* DateView.swift */; };
		F46A51C122EAED7D00DA5821 /* ImageListCellHeaderView.swift in Sources */ = {isa = PBXBuildFile; fileRef = F46A51C022EAED7D00DA5821 /* ImageListCellHeaderView.swift */; };
		F46A51C322EAF12100DA5821 /* NewItemView.swift in Sources */ = {isa = PBXBuildFile; fileRef = F46A51C222EAF12100DA5821 /* NewItemView.swift */; };
		F46A51C522EB11B600DA5821 /* ImageListCellFooterView.swift in Sources */ = {isa = PBXBuildFile; fileRef = F46A51C422EB11B600DA5821 /* ImageListCellFooterView.swift */; };
		F46F57912513FAA700DC3B28 /* AppearanceUtil.swift in Sources */ = {isa = PBXBuildFile; fileRef = F46F57902513FAA700DC3B28 /* AppearanceUtil.swift */; };
		F46F57952514AB1D00DC3B28 /* Color+AssetCatalog.swift in Sources */ = {isa = PBXBuildFile; fileRef = F46F57942514AB1D00DC3B28 /* Color+AssetCatalog.swift */; };
		F46F579C2514AEDF00DC3B28 /* ImageTabWrapView.swift in Sources */ = {isa = PBXBuildFile; fileRef = F46F579B2514AEDF00DC3B28 /* ImageTabWrapView.swift */; };
		F46F57A02514B24E00DC3B28 /* ImageTabView.swift in Sources */ = {isa = PBXBuildFile; fileRef = F46F579F2514B24E00DC3B28 /* ImageTabView.swift */; };
		F46F57A42514D36300DC3B28 /* ImageDetailView.swift in Sources */ = {isa = PBXBuildFile; fileRef = F46F57A32514D36300DC3B28 /* ImageDetailView.swift */; };
		F46F57A72514E0F800DC3B28 /* ImageDetailFooterView.swift in Sources */ = {isa = PBXBuildFile; fileRef = F46F57A62514E0F800DC3B28 /* ImageDetailFooterView.swift */; };
		F4912DE025271F0B00ECED5E /* ImageGridFooterView.swift in Sources */ = {isa = PBXBuildFile; fileRef = F4912DDF25271F0B00ECED5E /* ImageGridFooterView.swift */; };
		F4912DE32527215600ECED5E /* ImageGridCell.swift in Sources */ = {isa = PBXBuildFile; fileRef = F4912DE22527215600ECED5E /* ImageGridCell.swift */; };
		F4913077253048F800ECED5E /* RefreshableScrollView.swift in Sources */ = {isa = PBXBuildFile; fileRef = F4913076253048F800ECED5E /* RefreshableScrollView.swift */; };
		F491307C2530695900ECED5E /* RefreshableView.swift in Sources */ = {isa = PBXBuildFile; fileRef = F491307B2530695900ECED5E /* RefreshableView.swift */; };
		F4962F8B251F667100EADE2D /* ImageGridView.swift in Sources */ = {isa = PBXBuildFile; fileRef = F4962F8A251F667100EADE2D /* ImageGridView.swift */; };
		F4A852BE22C77BD70006C269 /* ImageDetailScrollableView.swift in Sources */ = {isa = PBXBuildFile; fileRef = F4A852BD22C77BD70006C269 /* ImageDetailScrollableView.swift */; };
		F4A852C022C78AC80006C269 /* ImageDetailCell.swift in Sources */ = {isa = PBXBuildFile; fileRef = F4A852BF22C78AC80006C269 /* ImageDetailCell.swift */; };
		F4B749EB2502727F0063CDA9 /* ImageListCellFooterRatingView.swift in Sources */ = {isa = PBXBuildFile; fileRef = F4B749EA2502727F0063CDA9 /* ImageListCellFooterRatingView.swift */; };
		F4B749ED250272DC0063CDA9 /* ImageListCellFooterRatingLoggedInView.swift in Sources */ = {isa = PBXBuildFile; fileRef = F4B749EC250272DC0063CDA9 /* ImageListCellFooterRatingLoggedInView.swift */; };
		F4C7BE6825115D0500F75D4F /* SDWebImageSwiftUI in Frameworks */ = {isa = PBXBuildFile; productRef = F4C7BE6725115D0500F75D4F /* SDWebImageSwiftUI */; };
		F4C94DE122D8A9950068F40E /* JokesDataManager.swift in Sources */ = {isa = PBXBuildFile; fileRef = F4C94DE022D8A9950068F40E /* JokesDataManager.swift */; };
		F4C94DE322D8A9AE0068F40E /* Joke.swift in Sources */ = {isa = PBXBuildFile; fileRef = F4C94DE222D8A9AE0068F40E /* Joke.swift */; };
		F4C94DE522D8B0AD0068F40E /* JokesInteractor.swift in Sources */ = {isa = PBXBuildFile; fileRef = F4C94DE422D8B0AD0068F40E /* JokesInteractor.swift */; };
		F4C94DE722D8B84F0068F40E /* JokesListView.swift in Sources */ = {isa = PBXBuildFile; fileRef = F4C94DE622D8B84F0068F40E /* JokesListView.swift */; };
		F4C94DE922D8B8AA0068F40E /* JokeView.swift in Sources */ = {isa = PBXBuildFile; fileRef = F4C94DE822D8B8A90068F40E /* JokeView.swift */; };
		F4C94E0C22D9D3440068F40E /* ForumDataManager.swift in Sources */ = {isa = PBXBuildFile; fileRef = F4C94E0B22D9D3440068F40E /* ForumDataManager.swift */; };
		F4C94E0E22D9D3790068F40E /* ForumPost.swift in Sources */ = {isa = PBXBuildFile; fileRef = F4C94E0D22D9D3790068F40E /* ForumPost.swift */; };
		F4C94E1022D9DEB30068F40E /* ForumInteractor.swift in Sources */ = {isa = PBXBuildFile; fileRef = F4C94E0F22D9DEB30068F40E /* ForumInteractor.swift */; };
		F4C94E1222D9E08C0068F40E /* ForumThread.swift in Sources */ = {isa = PBXBuildFile; fileRef = F4C94E1122D9E08C0068F40E /* ForumThread.swift */; };
		F4C94E1422D9EA4A0068F40E /* ForumView.swift in Sources */ = {isa = PBXBuildFile; fileRef = F4C94E1322D9EA4A0068F40E /* ForumView.swift */; };
		F4C94E1622D9EA8D0068F40E /* ForumPostView.swift in Sources */ = {isa = PBXBuildFile; fileRef = F4C94E1522D9EA8D0068F40E /* ForumPostView.swift */; };
		F4EDCFAC250237AF004A51FB /* UIColor+Hex.swift in Sources */ = {isa = PBXBuildFile; fileRef = F4EDCFAB250237AF004A51FB /* UIColor+Hex.swift */; };
		F4FDABFC22BCD1ED002879CA /* AppDelegate.swift in Sources */ = {isa = PBXBuildFile; fileRef = F4FDABFB22BCD1ED002879CA /* AppDelegate.swift */; };
		F4FDABFE22BCD1ED002879CA /* SceneDelegate.swift in Sources */ = {isa = PBXBuildFile; fileRef = F4FDABFD22BCD1ED002879CA /* SceneDelegate.swift */; };
		F4FDAC0022BCD1ED002879CA /* ContentView.swift in Sources */ = {isa = PBXBuildFile; fileRef = F4FDABFF22BCD1ED002879CA /* ContentView.swift */; };
		F4FDAC0222BCD1EF002879CA /* Assets.xcassets in Resources */ = {isa = PBXBuildFile; fileRef = F4FDAC0122BCD1EF002879CA /* Assets.xcassets */; };
		F4FDAC0522BCD1EF002879CA /* Preview Assets.xcassets in Resources */ = {isa = PBXBuildFile; fileRef = F4FDAC0422BCD1EF002879CA /* Preview Assets.xcassets */; };
		F4FDAC0822BCD1EF002879CA /* LaunchScreen.storyboard in Resources */ = {isa = PBXBuildFile; fileRef = F4FDAC0622BCD1EF002879CA /* LaunchScreen.storyboard */; };
		F4FDAC1122BCD29B002879CA /* Alamofire in Frameworks */ = {isa = PBXBuildFile; productRef = F4FDAC1022BCD29B002879CA /* Alamofire */; };
		F4FDAC1622BCDCCF002879CA /* RoumingImage.swift in Sources */ = {isa = PBXBuildFile; fileRef = F4FDAC1522BCDCCF002879CA /* RoumingImage.swift */; };
		F4FDAC1A22BCE056002879CA /* ImageListDataManager.swift in Sources */ = {isa = PBXBuildFile; fileRef = F4FDAC1922BCE056002879CA /* ImageListDataManager.swift */; };
		F4FDAC1C22BCF983002879CA /* ImageList.swift in Sources */ = {isa = PBXBuildFile; fileRef = F4FDAC1B22BCF983002879CA /* ImageList.swift */; };
		F4FDAC1E22BD06AF002879CA /* ImageListView.swift in Sources */ = {isa = PBXBuildFile; fileRef = F4FDAC1D22BD06AF002879CA /* ImageListView.swift */; };
/* End PBXBuildFile section */

/* Begin PBXFileReference section */
		F4206D3622C761D000F37DD3 /* ImageLoader.swift */ = {isa = PBXFileReference; lastKnownFileType = sourcecode.swift; path = ImageLoader.swift; sourceTree = "<group>"; };
		F4206D3822C7621700F37DD3 /* ImageService.swift */ = {isa = PBXFileReference; lastKnownFileType = sourcecode.swift; path = ImageService.swift; sourceTree = "<group>"; };
		F4206D3A22C7654000F37DD3 /* ImageListCell.swift */ = {isa = PBXFileReference; lastKnownFileType = sourcecode.swift; path = ImageListCell.swift; sourceTree = "<group>"; };
		F444E444253994BD00CB8571 /* DateView.swift */ = {isa = PBXFileReference; lastKnownFileType = sourcecode.swift; path = DateView.swift; sourceTree = "<group>"; };
		F46A51C022EAED7D00DA5821 /* ImageListCellHeaderView.swift */ = {isa = PBXFileReference; lastKnownFileType = sourcecode.swift; path = ImageListCellHeaderView.swift; sourceTree = "<group>"; };
		F46A51C222EAF12100DA5821 /* NewItemView.swift */ = {isa = PBXFileReference; lastKnownFileType = sourcecode.swift; path = NewItemView.swift; sourceTree = "<group>"; };
		F46A51C422EB11B600DA5821 /* ImageListCellFooterView.swift */ = {isa = PBXFileReference; lastKnownFileType = sourcecode.swift; path = ImageListCellFooterView.swift; sourceTree = "<group>"; };
		F46F57902513FAA700DC3B28 /* AppearanceUtil.swift */ = {isa = PBXFileReference; lastKnownFileType = sourcecode.swift; path = AppearanceUtil.swift; sourceTree = "<group>"; };
		F46F57942514AB1D00DC3B28 /* Color+AssetCatalog.swift */ = {isa = PBXFileReference; lastKnownFileType = sourcecode.swift; path = "Color+AssetCatalog.swift"; sourceTree = "<group>"; };
		F46F579B2514AEDF00DC3B28 /* ImageTabWrapView.swift */ = {isa = PBXFileReference; lastKnownFileType = sourcecode.swift; path = ImageTabWrapView.swift; sourceTree = "<group>"; };
		F46F579F2514B24E00DC3B28 /* ImageTabView.swift */ = {isa = PBXFileReference; lastKnownFileType = sourcecode.swift; path = ImageTabView.swift; sourceTree = "<group>"; };
		F46F57A32514D36300DC3B28 /* ImageDetailView.swift */ = {isa = PBXFileReference; lastKnownFileType = sourcecode.swift; path = ImageDetailView.swift; sourceTree = "<group>"; };
		F46F57A62514E0F800DC3B28 /* ImageDetailFooterView.swift */ = {isa = PBXFileReference; lastKnownFileType = sourcecode.swift; path = ImageDetailFooterView.swift; sourceTree = "<group>"; };
		F4912DDF25271F0B00ECED5E /* ImageGridFooterView.swift */ = {isa = PBXFileReference; lastKnownFileType = sourcecode.swift; path = ImageGridFooterView.swift; sourceTree = "<group>"; };
		F4912DE22527215600ECED5E /* ImageGridCell.swift */ = {isa = PBXFileReference; lastKnownFileType = sourcecode.swift; path = ImageGridCell.swift; sourceTree = "<group>"; };
		F4913076253048F800ECED5E /* RefreshableScrollView.swift */ = {isa = PBXFileReference; lastKnownFileType = sourcecode.swift; path = RefreshableScrollView.swift; sourceTree = "<group>"; };
		F491307B2530695900ECED5E /* RefreshableView.swift */ = {isa = PBXFileReference; lastKnownFileType = sourcecode.swift; path = RefreshableView.swift; sourceTree = "<group>"; };
		F4962F8A251F667100EADE2D /* ImageGridView.swift */ = {isa = PBXFileReference; lastKnownFileType = sourcecode.swift; path = ImageGridView.swift; sourceTree = "<group>"; };
		F4A852BD22C77BD70006C269 /* ImageDetailScrollableView.swift */ = {isa = PBXFileReference; lastKnownFileType = sourcecode.swift; path = ImageDetailScrollableView.swift; sourceTree = "<group>"; };
		F4A852BF22C78AC80006C269 /* ImageDetailCell.swift */ = {isa = PBXFileReference; lastKnownFileType = sourcecode.swift; path = ImageDetailCell.swift; sourceTree = "<group>"; };
		F4B749EA2502727F0063CDA9 /* ImageListCellFooterRatingView.swift */ = {isa = PBXFileReference; lastKnownFileType = sourcecode.swift; path = ImageListCellFooterRatingView.swift; sourceTree = "<group>"; };
		F4B749EC250272DC0063CDA9 /* ImageListCellFooterRatingLoggedInView.swift */ = {isa = PBXFileReference; lastKnownFileType = sourcecode.swift; path = ImageListCellFooterRatingLoggedInView.swift; sourceTree = "<group>"; };
		F4C94DE022D8A9950068F40E /* JokesDataManager.swift */ = {isa = PBXFileReference; lastKnownFileType = sourcecode.swift; path = JokesDataManager.swift; sourceTree = "<group>"; };
		F4C94DE222D8A9AE0068F40E /* Joke.swift */ = {isa = PBXFileReference; lastKnownFileType = sourcecode.swift; path = Joke.swift; sourceTree = "<group>"; };
		F4C94DE422D8B0AD0068F40E /* JokesInteractor.swift */ = {isa = PBXFileReference; lastKnownFileType = sourcecode.swift; path = JokesInteractor.swift; sourceTree = "<group>"; };
		F4C94DE622D8B84F0068F40E /* JokesListView.swift */ = {isa = PBXFileReference; lastKnownFileType = sourcecode.swift; path = JokesListView.swift; sourceTree = "<group>"; };
		F4C94DE822D8B8A90068F40E /* JokeView.swift */ = {isa = PBXFileReference; lastKnownFileType = sourcecode.swift; path = JokeView.swift; sourceTree = "<group>"; };
		F4C94E0B22D9D3440068F40E /* ForumDataManager.swift */ = {isa = PBXFileReference; lastKnownFileType = sourcecode.swift; path = ForumDataManager.swift; sourceTree = "<group>"; };
		F4C94E0D22D9D3790068F40E /* ForumPost.swift */ = {isa = PBXFileReference; lastKnownFileType = sourcecode.swift; path = ForumPost.swift; sourceTree = "<group>"; };
		F4C94E0F22D9DEB30068F40E /* ForumInteractor.swift */ = {isa = PBXFileReference; lastKnownFileType = sourcecode.swift; path = ForumInteractor.swift; sourceTree = "<group>"; };
		F4C94E1122D9E08C0068F40E /* ForumThread.swift */ = {isa = PBXFileReference; lastKnownFileType = sourcecode.swift; path = ForumThread.swift; sourceTree = "<group>"; };
		F4C94E1322D9EA4A0068F40E /* ForumView.swift */ = {isa = PBXFileReference; lastKnownFileType = sourcecode.swift; path = ForumView.swift; sourceTree = "<group>"; };
		F4C94E1522D9EA8D0068F40E /* ForumPostView.swift */ = {isa = PBXFileReference; lastKnownFileType = sourcecode.swift; path = ForumPostView.swift; sourceTree = "<group>"; };
		F4EDCFAB250237AF004A51FB /* UIColor+Hex.swift */ = {isa = PBXFileReference; lastKnownFileType = sourcecode.swift; path = "UIColor+Hex.swift"; sourceTree = "<group>"; };
		F4FDABF822BCD1ED002879CA /* iRouming.app */ = {isa = PBXFileReference; explicitFileType = wrapper.application; includeInIndex = 0; path = iRouming.app; sourceTree = BUILT_PRODUCTS_DIR; };
		F4FDABFB22BCD1ED002879CA /* AppDelegate.swift */ = {isa = PBXFileReference; lastKnownFileType = sourcecode.swift; path = AppDelegate.swift; sourceTree = "<group>"; };
		F4FDABFD22BCD1ED002879CA /* SceneDelegate.swift */ = {isa = PBXFileReference; lastKnownFileType = sourcecode.swift; path = SceneDelegate.swift; sourceTree = "<group>"; };
		F4FDABFF22BCD1ED002879CA /* ContentView.swift */ = {isa = PBXFileReference; lastKnownFileType = sourcecode.swift; path = ContentView.swift; sourceTree = "<group>"; };
		F4FDAC0122BCD1EF002879CA /* Assets.xcassets */ = {isa = PBXFileReference; lastKnownFileType = folder.assetcatalog; path = Assets.xcassets; sourceTree = "<group>"; };
		F4FDAC0422BCD1EF002879CA /* Preview Assets.xcassets */ = {isa = PBXFileReference; lastKnownFileType = folder.assetcatalog; path = "Preview Assets.xcassets"; sourceTree = "<group>"; };
		F4FDAC0722BCD1EF002879CA /* Base */ = {isa = PBXFileReference; lastKnownFileType = file.storyboard; name = Base; path = Base.lproj/LaunchScreen.storyboard; sourceTree = "<group>"; };
		F4FDAC0922BCD1EF002879CA /* Info.plist */ = {isa = PBXFileReference; lastKnownFileType = text.plist.xml; path = Info.plist; sourceTree = "<group>"; };
		F4FDAC1522BCDCCF002879CA /* RoumingImage.swift */ = {isa = PBXFileReference; lastKnownFileType = sourcecode.swift; path = RoumingImage.swift; sourceTree = "<group>"; };
		F4FDAC1922BCE056002879CA /* ImageListDataManager.swift */ = {isa = PBXFileReference; lastKnownFileType = sourcecode.swift; path = ImageListDataManager.swift; sourceTree = "<group>"; };
		F4FDAC1B22BCF983002879CA /* ImageList.swift */ = {isa = PBXFileReference; lastKnownFileType = sourcecode.swift; path = ImageList.swift; sourceTree = "<group>"; };
		F4FDAC1D22BD06AF002879CA /* ImageListView.swift */ = {isa = PBXFileReference; lastKnownFileType = sourcecode.swift; path = ImageListView.swift; sourceTree = "<group>"; };
/* End PBXFileReference section */

/* Begin PBXFrameworksBuildPhase section */
		F4FDABF522BCD1ED002879CA /* Frameworks */ = {
			isa = PBXFrameworksBuildPhase;
			buildActionMask = 2147483647;
			files = (
				F4C7BE6825115D0500F75D4F /* SDWebImageSwiftUI in Frameworks */,
				F4FDAC1122BCD29B002879CA /* Alamofire in Frameworks */,
			);
			runOnlyForDeploymentPostprocessing = 0;
		};
/* End PBXFrameworksBuildPhase section */

/* Begin PBXGroup section */
		F4206D3522C761B800F37DD3 /* ImageLoader */ = {
			isa = PBXGroup;
			children = (
				F4206D3622C761D000F37DD3 /* ImageLoader.swift */,
				F4206D3822C7621700F37DD3 /* ImageService.swift */,
			);
			path = ImageLoader;
			sourceTree = "<group>";
		};
		F444E4432539947C00CB8571 /* SharedViews */ = {
			isa = PBXGroup;
			children = (
				F46A51C222EAF12100DA5821 /* NewItemView.swift */,
				F444E444253994BD00CB8571 /* DateView.swift */,
			);
			path = SharedViews;
			sourceTree = "<group>";
		};
		F46A51BF22EAED6400DA5821 /* ImageListCellViews */ = {
			isa = PBXGroup;
			children = (
				F4B749EE250279B30063CDA9 /* Header */,
				F4B749E92502724A0063CDA9 /* Footer */,
				F4206D3A22C7654000F37DD3 /* ImageListCell.swift */,
			);
			path = ImageListCellViews;
			sourceTree = "<group>";
		};
		F46F578F2513FA7800DC3B28 /* Appearance */ = {
			isa = PBXGroup;
			children = (
				F46F57902513FAA700DC3B28 /* AppearanceUtil.swift */,
			);
			path = Appearance;
			sourceTree = "<group>";
		};
		F46F57972514AEB100DC3B28 /* Images */ = {
			isa = PBXGroup;
			children = (
				F4FDAC1522BCDCCF002879CA /* RoumingImage.swift */,
				F46F579A2514AEBE00DC3B28 /* ImageTab */,
				F4A852BC22C77BAD0006C269 /* ImageDetail */,
				F4206D3522C761B800F37DD3 /* ImageLoader */,
				F4FDAC1422BCDCBB002879CA /* ImageList */,
				F4962F89251F65C200EADE2D /* ImageGrid */,
			);
			path = Images;
			sourceTree = "<group>";
		};
		F46F579A2514AEBE00DC3B28 /* ImageTab */ = {
			isa = PBXGroup;
			children = (
				F46F579B2514AEDF00DC3B28 /* ImageTabWrapView.swift */,
				F46F579F2514B24E00DC3B28 /* ImageTabView.swift */,
			);
			path = ImageTab;
			sourceTree = "<group>";
		};
		F46F57A92514E48400DC3B28 /* Deprecated */ = {
			isa = PBXGroup;
			children = (
				F4A852BD22C77BD70006C269 /* ImageDetailScrollableView.swift */,
				F4A852BF22C78AC80006C269 /* ImageDetailCell.swift */,
			);
			path = Deprecated;
			sourceTree = "<group>";
		};
		F4962F89251F65C200EADE2D /* ImageGrid */ = {
			isa = PBXGroup;
			children = (
				F4962F8A251F667100EADE2D /* ImageGridView.swift */,
				F4912DDF25271F0B00ECED5E /* ImageGridFooterView.swift */,
				F4912DE22527215600ECED5E /* ImageGridCell.swift */,
			);
			path = ImageGrid;
			sourceTree = "<group>";
		};
		F4A852BC22C77BAD0006C269 /* ImageDetail */ = {
			isa = PBXGroup;
			children = (
				F46F57A92514E48400DC3B28 /* Deprecated */,
				F46F57A62514E0F800DC3B28 /* ImageDetailFooterView.swift */,
				F46F57A32514D36300DC3B28 /* ImageDetailView.swift */,
			);
			path = ImageDetail;
			sourceTree = "<group>";
		};
		F4B749E92502724A0063CDA9 /* Footer */ = {
			isa = PBXGroup;
			children = (
				F4B749EA2502727F0063CDA9 /* ImageListCellFooterRatingView.swift */,
				F4B749EC250272DC0063CDA9 /* ImageListCellFooterRatingLoggedInView.swift */,
				F46A51C422EB11B600DA5821 /* ImageListCellFooterView.swift */,
			);
			path = Footer;
			sourceTree = "<group>";
		};
		F4B749EE250279B30063CDA9 /* Header */ = {
			isa = PBXGroup;
			children = (
				F46A51C022EAED7D00DA5821 /* ImageListCellHeaderView.swift */,
			);
			path = Header;
			sourceTree = "<group>";
		};
		F4C94DDF22D8A97D0068F40E /* JokesList */ = {
			isa = PBXGroup;
			children = (
				F4C94DE022D8A9950068F40E /* JokesDataManager.swift */,
				F4C94DE222D8A9AE0068F40E /* Joke.swift */,
				F4C94DE422D8B0AD0068F40E /* JokesInteractor.swift */,
				F4C94DE622D8B84F0068F40E /* JokesListView.swift */,
				F4C94DE822D8B8A90068F40E /* JokeView.swift */,
			);
			path = JokesList;
			sourceTree = "<group>";
		};
		F4C94E0A22D9D31C0068F40E /* Forum */ = {
			isa = PBXGroup;
			children = (
				F4C94E0B22D9D3440068F40E /* ForumDataManager.swift */,
				F4C94E0D22D9D3790068F40E /* ForumPost.swift */,
				F4C94E1122D9E08C0068F40E /* ForumThread.swift */,
				F4C94E0F22D9DEB30068F40E /* ForumInteractor.swift */,
				F4C94E1322D9EA4A0068F40E /* ForumView.swift */,
				F4C94E1522D9EA8D0068F40E /* ForumPostView.swift */,
			);
			path = Forum;
			sourceTree = "<group>";
		};
		F4EDCFAA2502379F004A51FB /* Utils */ = {
			isa = PBXGroup;
			children = (
				F4EDCFAB250237AF004A51FB /* UIColor+Hex.swift */,
				F46F57942514AB1D00DC3B28 /* Color+AssetCatalog.swift */,
			);
			path = Utils;
			sourceTree = "<group>";
		};
		F4FDABEF22BCD1ED002879CA = {
			isa = PBXGroup;
			children = (
				F4FDABFA22BCD1ED002879CA /* iRouming */,
				F4FDABF922BCD1ED002879CA /* Products */,
			);
			sourceTree = "<group>";
		};
		F4FDABF922BCD1ED002879CA /* Products */ = {
			isa = PBXGroup;
			children = (
				F4FDABF822BCD1ED002879CA /* iRouming.app */,
			);
			name = Products;
			sourceTree = "<group>";
		};
		F4FDABFA22BCD1ED002879CA /* iRouming */ = {
			isa = PBXGroup;
			children = (
				F444E4432539947C00CB8571 /* SharedViews */,
				F46F578F2513FA7800DC3B28 /* Appearance */,
				F4EDCFAA2502379F004A51FB /* Utils */,
				F4C94E0A22D9D31C0068F40E /* Forum */,
				F4C94DDF22D8A97D0068F40E /* JokesList */,
				F46F57972514AEB100DC3B28 /* Images */,
				F4FDABFB22BCD1ED002879CA /* AppDelegate.swift */,
				F4FDABFD22BCD1ED002879CA /* SceneDelegate.swift */,
				F4FDABFF22BCD1ED002879CA /* ContentView.swift */,
				F4913076253048F800ECED5E /* RefreshableScrollView.swift */,
				F4FDAC0122BCD1EF002879CA /* Assets.xcassets */,
				F4FDAC0622BCD1EF002879CA /* LaunchScreen.storyboard */,
				F4FDAC0922BCD1EF002879CA /* Info.plist */,
				F4FDAC0322BCD1EF002879CA /* Preview Content */,
				F491307B2530695900ECED5E /* RefreshableView.swift */,
			);
			path = iRouming;
			sourceTree = "<group>";
		};
		F4FDAC0322BCD1EF002879CA /* Preview Content */ = {
			isa = PBXGroup;
			children = (
				F4FDAC0422BCD1EF002879CA /* Preview Assets.xcassets */,
			);
			path = "Preview Content";
			sourceTree = "<group>";
		};
		F4FDAC1422BCDCBB002879CA /* ImageList */ = {
			isa = PBXGroup;
			children = (
				F46A51BF22EAED6400DA5821 /* ImageListCellViews */,
				F4FDAC1922BCE056002879CA /* ImageListDataManager.swift */,
				F4FDAC1B22BCF983002879CA /* ImageList.swift */,
				F4FDAC1D22BD06AF002879CA /* ImageListView.swift */,
			);
			path = ImageList;
			sourceTree = "<group>";
		};
/* End PBXGroup section */

/* Begin PBXNativeTarget section */
		F4FDABF722BCD1ED002879CA /* iRouming */ = {
			isa = PBXNativeTarget;
			buildConfigurationList = F4FDAC0C22BCD1EF002879CA /* Build configuration list for PBXNativeTarget "iRouming" */;
			buildPhases = (
				F4FDABF422BCD1ED002879CA /* Sources */,
				F4FDABF522BCD1ED002879CA /* Frameworks */,
				F4FDABF622BCD1ED002879CA /* Resources */,
			);
			buildRules = (
			);
			dependencies = (
			);
			name = iRouming;
			packageProductDependencies = (
				F4FDAC1022BCD29B002879CA /* Alamofire */,
				F4C7BE6725115D0500F75D4F /* SDWebImageSwiftUI */,
			);
			productName = iRouming;
			productReference = F4FDABF822BCD1ED002879CA /* iRouming.app */;
			productType = "com.apple.product-type.application";
		};
/* End PBXNativeTarget section */

/* Begin PBXProject section */
		F4FDABF022BCD1ED002879CA /* Project object */ = {
			isa = PBXProject;
			attributes = {
				LastSwiftUpdateCheck = 1100;
				LastUpgradeCheck = 1200;
				ORGANIZATIONNAME = "Lost Bytes";
				TargetAttributes = {
					F4FDABF722BCD1ED002879CA = {
						CreatedOnToolsVersion = 11.0;
					};
				};
			};
			buildConfigurationList = F4FDABF322BCD1ED002879CA /* Build configuration list for PBXProject "iRouming" */;
			compatibilityVersion = "Xcode 9.3";
			developmentRegion = en;
			hasScannedForEncodings = 0;
			knownRegions = (
				en,
				Base,
			);
			mainGroup = F4FDABEF22BCD1ED002879CA;
			packageReferences = (
				F4FDAC0F22BCD29B002879CA /* XCRemoteSwiftPackageReference "Alamofire" */,
				F4C7BE6625115D0500F75D4F /* XCRemoteSwiftPackageReference "SDWebImageSwiftUI" */,
			);
			productRefGroup = F4FDABF922BCD1ED002879CA /* Products */;
			projectDirPath = "";
			projectRoot = "";
			targets = (
				F4FDABF722BCD1ED002879CA /* iRouming */,
			);
		};
/* End PBXProject section */

/* Begin PBXResourcesBuildPhase section */
		F4FDABF622BCD1ED002879CA /* Resources */ = {
			isa = PBXResourcesBuildPhase;
			buildActionMask = 2147483647;
			files = (
				F4FDAC0822BCD1EF002879CA /* LaunchScreen.storyboard in Resources */,
				F4FDAC0522BCD1EF002879CA /* Preview Assets.xcassets in Resources */,
				F4FDAC0222BCD1EF002879CA /* Assets.xcassets in Resources */,
			);
			runOnlyForDeploymentPostprocessing = 0;
		};
/* End PBXResourcesBuildPhase section */

/* Begin PBXSourcesBuildPhase section */
		F4FDABF422BCD1ED002879CA /* Sources */ = {
			isa = PBXSourcesBuildPhase;
			buildActionMask = 2147483647;
			files = (
				F4FDAC1E22BD06AF002879CA /* ImageListView.swift in Sources */,
				F4C94DE722D8B84F0068F40E /* JokesListView.swift in Sources */,
				F46F579C2514AEDF00DC3B28 /* ImageTabWrapView.swift in Sources */,
				F46F57A42514D36300DC3B28 /* ImageDetailView.swift in Sources */,
				F4FDAC1622BCDCCF002879CA /* RoumingImage.swift in Sources */,
				F4913077253048F800ECED5E /* RefreshableScrollView.swift in Sources */,
				F4EDCFAC250237AF004A51FB /* UIColor+Hex.swift in Sources */,
				F4FDAC1A22BCE056002879CA /* ImageListDataManager.swift in Sources */,
				F4206D3B22C7654000F37DD3 /* ImageListCell.swift in Sources */,
				F46F57A02514B24E00DC3B28 /* ImageTabView.swift in Sources */,
				F444E445253994BD00CB8571 /* DateView.swift in Sources */,
				F4206D3922C7621800F37DD3 /* ImageService.swift in Sources */,
				F4A852C022C78AC80006C269 /* ImageDetailCell.swift in Sources */,
				F4B749ED250272DC0063CDA9 /* ImageListCellFooterRatingLoggedInView.swift in Sources */,
				F46F57952514AB1D00DC3B28 /* Color+AssetCatalog.swift in Sources */,
				F4C94E0C22D9D3440068F40E /* ForumDataManager.swift in Sources */,
				F4A852BE22C77BD70006C269 /* ImageDetailScrollableView.swift in Sources */,
				F4962F8B251F667100EADE2D /* ImageGridView.swift in Sources */,
				F4912DE025271F0B00ECED5E /* ImageGridFooterView.swift in Sources */,
				F46A51C522EB11B600DA5821 /* ImageListCellFooterView.swift in Sources */,
				F4C94DE522D8B0AD0068F40E /* JokesInteractor.swift in Sources */,
				F46F57A72514E0F800DC3B28 /* ImageDetailFooterView.swift in Sources */,
				F4C94E1222D9E08C0068F40E /* ForumThread.swift in Sources */,
				F4912DE32527215600ECED5E /* ImageGridCell.swift in Sources */,
				F4B749EB2502727F0063CDA9 /* ImageListCellFooterRatingView.swift in Sources */,
				F46A51C122EAED7D00DA5821 /* ImageListCellHeaderView.swift in Sources */,
				F4FDABFC22BCD1ED002879CA /* AppDelegate.swift in Sources */,
				F4C94E1622D9EA8D0068F40E /* ForumPostView.swift in Sources */,
				F46A51C322EAF12100DA5821 /* NewItemView.swift in Sources */,
				F4C94E0E22D9D3790068F40E /* ForumPost.swift in Sources */,
				F4C94E1022D9DEB30068F40E /* ForumInteractor.swift in Sources */,
				F4FDABFE22BCD1ED002879CA /* SceneDelegate.swift in Sources */,
				F4206D3722C761D000F37DD3 /* ImageLoader.swift in Sources */,
				F4C94DE322D8A9AE0068F40E /* Joke.swift in Sources */,
				F4FDAC1C22BCF983002879CA /* ImageList.swift in Sources */,
				F4C94DE122D8A9950068F40E /* JokesDataManager.swift in Sources */,
				F4FDAC0022BCD1ED002879CA /* ContentView.swift in Sources */,
				F4C94E1422D9EA4A0068F40E /* ForumView.swift in Sources */,
				F4C94DE922D8B8AA0068F40E /* JokeView.swift in Sources */,
				F491307C2530695900ECED5E /* RefreshableView.swift in Sources */,
				F46F57912513FAA700DC3B28 /* AppearanceUtil.swift in Sources */,
			);
			runOnlyForDeploymentPostprocessing = 0;
		};
/* End PBXSourcesBuildPhase section */

/* Begin PBXVariantGroup section */
		F4FDAC0622BCD1EF002879CA /* LaunchScreen.storyboard */ = {
			isa = PBXVariantGroup;
			children = (
				F4FDAC0722BCD1EF002879CA /* Base */,
			);
			name = LaunchScreen.storyboard;
			sourceTree = "<group>";
		};
/* End PBXVariantGroup section */

/* Begin XCBuildConfiguration section */
		F4FDAC0A22BCD1EF002879CA /* Debug */ = {
			isa = XCBuildConfiguration;
			buildSettings = {
				ALWAYS_SEARCH_USER_PATHS = NO;
				CLANG_ANALYZER_NONNULL = YES;
				CLANG_ANALYZER_NUMBER_OBJECT_CONVERSION = YES_AGGRESSIVE;
				CLANG_CXX_LANGUAGE_STANDARD = "gnu++14";
				CLANG_CXX_LIBRARY = "libc++";
				CLANG_ENABLE_MODULES = YES;
				CLANG_ENABLE_OBJC_ARC = YES;
				CLANG_ENABLE_OBJC_WEAK = YES;
				CLANG_WARN_BLOCK_CAPTURE_AUTORELEASING = YES;
				CLANG_WARN_BOOL_CONVERSION = YES;
				CLANG_WARN_COMMA = YES;
				CLANG_WARN_CONSTANT_CONVERSION = YES;
				CLANG_WARN_DEPRECATED_OBJC_IMPLEMENTATIONS = YES;
				CLANG_WARN_DIRECT_OBJC_ISA_USAGE = YES_ERROR;
				CLANG_WARN_DOCUMENTATION_COMMENTS = YES;
				CLANG_WARN_EMPTY_BODY = YES;
				CLANG_WARN_ENUM_CONVERSION = YES;
				CLANG_WARN_INFINITE_RECURSION = YES;
				CLANG_WARN_INT_CONVERSION = YES;
				CLANG_WARN_NON_LITERAL_NULL_CONVERSION = YES;
				CLANG_WARN_OBJC_IMPLICIT_RETAIN_SELF = YES;
				CLANG_WARN_OBJC_LITERAL_CONVERSION = YES;
				CLANG_WARN_OBJC_ROOT_CLASS = YES_ERROR;
				CLANG_WARN_QUOTED_INCLUDE_IN_FRAMEWORK_HEADER = YES;
				CLANG_WARN_RANGE_LOOP_ANALYSIS = YES;
				CLANG_WARN_STRICT_PROTOTYPES = YES;
				CLANG_WARN_SUSPICIOUS_MOVE = YES;
				CLANG_WARN_UNGUARDED_AVAILABILITY = YES_AGGRESSIVE;
				CLANG_WARN_UNREACHABLE_CODE = YES;
				CLANG_WARN__DUPLICATE_METHOD_MATCH = YES;
				COPY_PHASE_STRIP = NO;
				DEBUG_INFORMATION_FORMAT = dwarf;
				ENABLE_STRICT_OBJC_MSGSEND = YES;
				ENABLE_TESTABILITY = YES;
				GCC_C_LANGUAGE_STANDARD = gnu11;
				GCC_DYNAMIC_NO_PIC = NO;
				GCC_NO_COMMON_BLOCKS = YES;
				GCC_OPTIMIZATION_LEVEL = 0;
				GCC_PREPROCESSOR_DEFINITIONS = (
					"DEBUG=1",
					"$(inherited)",
				);
				GCC_WARN_64_TO_32_BIT_CONVERSION = YES;
				GCC_WARN_ABOUT_RETURN_TYPE = YES_ERROR;
				GCC_WARN_UNDECLARED_SELECTOR = YES;
				GCC_WARN_UNINITIALIZED_AUTOS = YES_AGGRESSIVE;
				GCC_WARN_UNUSED_FUNCTION = YES;
				GCC_WARN_UNUSED_VARIABLE = YES;
				IPHONEOS_DEPLOYMENT_TARGET = 14.0;
				MTL_ENABLE_DEBUG_INFO = INCLUDE_SOURCE;
				MTL_FAST_MATH = YES;
				ONLY_ACTIVE_ARCH = YES;
				SDKROOT = iphoneos;
				SWIFT_ACTIVE_COMPILATION_CONDITIONS = DEBUG;
				SWIFT_OPTIMIZATION_LEVEL = "-Onone";
			};
			name = Debug;
		};
		F4FDAC0B22BCD1EF002879CA /* Release */ = {
			isa = XCBuildConfiguration;
			buildSettings = {
				ALWAYS_SEARCH_USER_PATHS = NO;
				CLANG_ANALYZER_NONNULL = YES;
				CLANG_ANALYZER_NUMBER_OBJECT_CONVERSION = YES_AGGRESSIVE;
				CLANG_CXX_LANGUAGE_STANDARD = "gnu++14";
				CLANG_CXX_LIBRARY = "libc++";
				CLANG_ENABLE_MODULES = YES;
				CLANG_ENABLE_OBJC_ARC = YES;
				CLANG_ENABLE_OBJC_WEAK = YES;
				CLANG_WARN_BLOCK_CAPTURE_AUTORELEASING = YES;
				CLANG_WARN_BOOL_CONVERSION = YES;
				CLANG_WARN_COMMA = YES;
				CLANG_WARN_CONSTANT_CONVERSION = YES;
				CLANG_WARN_DEPRECATED_OBJC_IMPLEMENTATIONS = YES;
				CLANG_WARN_DIRECT_OBJC_ISA_USAGE = YES_ERROR;
				CLANG_WARN_DOCUMENTATION_COMMENTS = YES;
				CLANG_WARN_EMPTY_BODY = YES;
				CLANG_WARN_ENUM_CONVERSION = YES;
				CLANG_WARN_INFINITE_RECURSION = YES;
				CLANG_WARN_INT_CONVERSION = YES;
				CLANG_WARN_NON_LITERAL_NULL_CONVERSION = YES;
				CLANG_WARN_OBJC_IMPLICIT_RETAIN_SELF = YES;
				CLANG_WARN_OBJC_LITERAL_CONVERSION = YES;
				CLANG_WARN_OBJC_ROOT_CLASS = YES_ERROR;
				CLANG_WARN_QUOTED_INCLUDE_IN_FRAMEWORK_HEADER = YES;
				CLANG_WARN_RANGE_LOOP_ANALYSIS = YES;
				CLANG_WARN_STRICT_PROTOTYPES = YES;
				CLANG_WARN_SUSPICIOUS_MOVE = YES;
				CLANG_WARN_UNGUARDED_AVAILABILITY = YES_AGGRESSIVE;
				CLANG_WARN_UNREACHABLE_CODE = YES;
				CLANG_WARN__DUPLICATE_METHOD_MATCH = YES;
				COPY_PHASE_STRIP = NO;
				DEBUG_INFORMATION_FORMAT = "dwarf-with-dsym";
				ENABLE_NS_ASSERTIONS = NO;
				ENABLE_STRICT_OBJC_MSGSEND = YES;
				GCC_C_LANGUAGE_STANDARD = gnu11;
				GCC_NO_COMMON_BLOCKS = YES;
				GCC_WARN_64_TO_32_BIT_CONVERSION = YES;
				GCC_WARN_ABOUT_RETURN_TYPE = YES_ERROR;
				GCC_WARN_UNDECLARED_SELECTOR = YES;
				GCC_WARN_UNINITIALIZED_AUTOS = YES_AGGRESSIVE;
				GCC_WARN_UNUSED_FUNCTION = YES;
				GCC_WARN_UNUSED_VARIABLE = YES;
				IPHONEOS_DEPLOYMENT_TARGET = 14.0;
				MTL_ENABLE_DEBUG_INFO = NO;
				MTL_FAST_MATH = YES;
				SDKROOT = iphoneos;
				SWIFT_COMPILATION_MODE = wholemodule;
				SWIFT_OPTIMIZATION_LEVEL = "-O";
				VALIDATE_PRODUCT = YES;
			};
			name = Release;
		};
		F4FDAC0D22BCD1EF002879CA /* Debug */ = {
			isa = XCBuildConfiguration;
			buildSettings = {
				ASSETCATALOG_COMPILER_APPICON_NAME = AppIcon;
				CODE_SIGN_STYLE = Automatic;
				DEVELOPMENT_ASSET_PATHS = "iRouming/Preview\\ Content";
				DEVELOPMENT_TEAM = 54F29SU2PQ;
				ENABLE_PREVIEWS = YES;
				INFOPLIST_FILE = iRouming/Info.plist;
				LD_RUNPATH_SEARCH_PATHS = (
					"$(inherited)",
					"@executable_path/Frameworks",
				);
				PRODUCT_BUNDLE_IDENTIFIER = "com.lost-bytes.iRouming";
				PRODUCT_NAME = "$(TARGET_NAME)";
				SWIFT_VERSION = 5.0;
				TARGETED_DEVICE_FAMILY = "1,2";
			};
			name = Debug;
		};
		F4FDAC0E22BCD1EF002879CA /* Release */ = {
			isa = XCBuildConfiguration;
			buildSettings = {
				ASSETCATALOG_COMPILER_APPICON_NAME = AppIcon;
				CODE_SIGN_STYLE = Automatic;
				DEVELOPMENT_ASSET_PATHS = "iRouming/Preview\\ Content";
				DEVELOPMENT_TEAM = 54F29SU2PQ;
				ENABLE_PREVIEWS = YES;
				INFOPLIST_FILE = iRouming/Info.plist;
				LD_RUNPATH_SEARCH_PATHS = (
					"$(inherited)",
					"@executable_path/Frameworks",
				);
				PRODUCT_BUNDLE_IDENTIFIER = "com.lost-bytes.iRouming";
				PRODUCT_NAME = "$(TARGET_NAME)";
				SWIFT_VERSION = 5.0;
				TARGETED_DEVICE_FAMILY = "1,2";
			};
			name = Release;
		};
/* End XCBuildConfiguration section */

/* Begin XCConfigurationList section */
		F4FDABF322BCD1ED002879CA /* Build configuration list for PBXProject "iRouming" */ = {
			isa = XCConfigurationList;
			buildConfigurations = (
				F4FDAC0A22BCD1EF002879CA /* Debug */,
				F4FDAC0B22BCD1EF002879CA /* Release */,
			);
			defaultConfigurationIsVisible = 0;
			defaultConfigurationName = Release;
		};
		F4FDAC0C22BCD1EF002879CA /* Build configuration list for PBXNativeTarget "iRouming" */ = {
			isa = XCConfigurationList;
			buildConfigurations = (
				F4FDAC0D22BCD1EF002879CA /* Debug */,
				F4FDAC0E22BCD1EF002879CA /* Release */,
			);
			defaultConfigurationIsVisible = 0;
			defaultConfigurationName = Release;
		};
/* End XCConfigurationList section */

/* Begin XCRemoteSwiftPackageReference section */
		F4C7BE6625115D0500F75D4F /* XCRemoteSwiftPackageReference "SDWebImageSwiftUI" */ = {
			isa = XCRemoteSwiftPackageReference;
			repositoryURL = "https://github.com/SDWebImage/SDWebImageSwiftUI.git";
			requirement = {
				kind = upToNextMajorVersion;
				minimumVersion = 1.5.0;
			};
		};
		F4FDAC0F22BCD29B002879CA /* XCRemoteSwiftPackageReference "Alamofire" */ = {
			isa = XCRemoteSwiftPackageReference;
			repositoryURL = "https://github.com/Alamofire/Alamofire.git";
			requirement = {
				kind = upToNextMajorVersion;
				minimumVersion = 5.2.0;
			};
		};
/* End XCRemoteSwiftPackageReference section */

/* Begin XCSwiftPackageProductDependency section */
		F4C7BE6725115D0500F75D4F /* SDWebImageSwiftUI */ = {
			isa = XCSwiftPackageProductDependency;
			package = F4C7BE6625115D0500F75D4F /* XCRemoteSwiftPackageReference "SDWebImageSwiftUI" */;
			productName = SDWebImageSwiftUI;
		};
		F4FDAC1022BCD29B002879CA /* Alamofire */ = {
			isa = XCSwiftPackageProductDependency;
			package = F4FDAC0F22BCD29B002879CA /* XCRemoteSwiftPackageReference "Alamofire" */;
			productName = Alamofire;
		};
/* End XCSwiftPackageProductDependency section */
	};
	rootObject = F4FDABF022BCD1ED002879CA /* Project object */;
}
