// !$*UTF8*$!
{
	archiveVersion = 1;
	classes = {
	};
	objectVersion = 52;
	objects = {

/* Begin PBXBuildFile section */
		F40A2DAC25D9ADB600A4D1AA /* ZoomableScrollView.swift in Sources */ = {isa = PBXBuildFile; fileRef = F40A2DAB25D9ADB600A4D1AA /* ZoomableScrollView.swift */; };
		F4206D3B22C7654000F37DD3 /* ImageListCell.swift in Sources */ = {isa = PBXBuildFile; fileRef = F4206D3A22C7654000F37DD3 /* ImageListCell.swift */; };
		F43ED83B25B47AE4000BD044 /* PostView.swift in Sources */ = {isa = PBXBuildFile; fileRef = F43ED83A25B47AE4000BD044 /* PostView.swift */; };
		F43ED83E25B47CBA000BD044 /* RegisteredUserView.swift in Sources */ = {isa = PBXBuildFile; fileRef = F43ED83D25B47CBA000BD044 /* RegisteredUserView.swift */; };
		F43ED84125B480C5000BD044 /* ForumPostsView.swift in Sources */ = {isa = PBXBuildFile; fileRef = F43ED84025B480C5000BD044 /* ForumPostsView.swift */; };
		F43ED84525B4877C000BD044 /* XMLAttributedText.swift in Sources */ = {isa = PBXBuildFile; fileRef = F43ED84425B4877C000BD044 /* XMLAttributedText.swift */; };
		F444764C25B18BB8005C7946 /* ForumThreadView.swift in Sources */ = {isa = PBXBuildFile; fileRef = F444764B25B18BB8005C7946 /* ForumThreadView.swift */; };
		F444764F25B18D39005C7946 /* ForumThreadPostsCountView.swift in Sources */ = {isa = PBXBuildFile; fileRef = F444764E25B18D39005C7946 /* ForumThreadPostsCountView.swift */; };
		F444E445253994BD00CB8571 /* DateView.swift in Sources */ = {isa = PBXBuildFile; fileRef = F444E444253994BD00CB8571 /* DateView.swift */; };
		F46A51C322EAF12100DA5821 /* NewItemView.swift in Sources */ = {isa = PBXBuildFile; fileRef = F46A51C222EAF12100DA5821 /* NewItemView.swift */; };
		F46A51C522EB11B600DA5821 /* ImageListCellFooterView.swift in Sources */ = {isa = PBXBuildFile; fileRef = F46A51C422EB11B600DA5821 /* ImageListCellFooterView.swift */; };
		F46BED8D2542E9F3000C977C /* YTPlayerView.m in Sources */ = {isa = PBXBuildFile; fileRef = F46BED892542E9F3000C977C /* YTPlayerView.m */; };
		F46BED8E2542E9F3000C977C /* Assets.bundle in Resources */ = {isa = PBXBuildFile; fileRef = F46BED8B2542E9F3000C977C /* Assets.bundle */; };
		F46BED942542EECD000C977C /* YouTubeVideoView.swift in Sources */ = {isa = PBXBuildFile; fileRef = F46BED932542EECD000C977C /* YouTubeVideoView.swift */; };
		F46F57912513FAA700DC3B28 /* AppearanceUtil.swift in Sources */ = {isa = PBXBuildFile; fileRef = F46F57902513FAA700DC3B28 /* AppearanceUtil.swift */; };
		F46F57952514AB1D00DC3B28 /* Color+AssetCatalog.swift in Sources */ = {isa = PBXBuildFile; fileRef = F46F57942514AB1D00DC3B28 /* Color+AssetCatalog.swift */; };
		F46F579C2514AEDF00DC3B28 /* ImageTabWrapView.swift in Sources */ = {isa = PBXBuildFile; fileRef = F46F579B2514AEDF00DC3B28 /* ImageTabWrapView.swift */; };
		F46F57A02514B24E00DC3B28 /* ImageTabView.swift in Sources */ = {isa = PBXBuildFile; fileRef = F46F579F2514B24E00DC3B28 /* ImageTabView.swift */; };
		F46F57A42514D36300DC3B28 /* ImageDetailView.swift in Sources */ = {isa = PBXBuildFile; fileRef = F46F57A32514D36300DC3B28 /* ImageDetailView.swift */; };
		F46F57A72514E0F800DC3B28 /* ImageDetailFooterView.swift in Sources */ = {isa = PBXBuildFile; fileRef = F46F57A62514E0F800DC3B28 /* ImageDetailFooterView.swift */; };
		F4895690254AAC4100196BE9 /* GifOverlayView.swift in Sources */ = {isa = PBXBuildFile; fileRef = F489568F254AAC4100196BE9 /* GifOverlayView.swift */; };
		F4895698254AB31200196BE9 /* ImagesDataManager.swift in Sources */ = {isa = PBXBuildFile; fileRef = F4FDAC1922BCE056002879CA /* ImagesDataManager.swift */; };
		F489569D254AB87A00196BE9 /* NewItemDisplayable.swift in Sources */ = {isa = PBXBuildFile; fileRef = F489569C254AB87A00196BE9 /* NewItemDisplayable.swift */; };
		F48956A1254AC25000196BE9 /* LastSeenView.swift in Sources */ = {isa = PBXBuildFile; fileRef = F48956A0254AC25000196BE9 /* LastSeenView.swift */; };
		F48AC82C257790E700C14195 /* ForumThreadsListView.swift in Sources */ = {isa = PBXBuildFile; fileRef = F48AC82B257790E700C14195 /* ForumThreadsListView.swift */; };
		F48ED59525D67CE2001EE8E8 /* FirebaseAnalytics in Frameworks */ = {isa = PBXBuildFile; productRef = F48ED59425D67CE2001EE8E8 /* FirebaseAnalytics */; };
		F48ED59725D67CE2001EE8E8 /* FirebaseCrashlytics in Frameworks */ = {isa = PBXBuildFile; productRef = F48ED59625D67CE2001EE8E8 /* FirebaseCrashlytics */; };
		F48ED59A25D67D2A001EE8E8 /* GoogleService-Info.plist in Resources */ = {isa = PBXBuildFile; fileRef = F48ED59925D67D2A001EE8E8 /* GoogleService-Info.plist */; };
		F48ED5A225D6DE7A001EE8E8 /* Lottie in Frameworks */ = {isa = PBXBuildFile; productRef = F48ED5A125D6DE7A001EE8E8 /* Lottie */; };
		F48ED5A525D7C96B001EE8E8 /* LoadingView.swift in Sources */ = {isa = PBXBuildFile; fileRef = F48ED5A425D7C96B001EE8E8 /* LoadingView.swift */; };
		F48ED5AD25D7D074001EE8E8 /* loading.json in Resources */ = {isa = PBXBuildFile; fileRef = F48ED5AC25D7D074001EE8E8 /* loading.json */; };
		F48ED5B325D7EAD2001EE8E8 /* ToastUI in Frameworks */ = {isa = PBXBuildFile; productRef = F48ED5B225D7EAD2001EE8E8 /* ToastUI */; };
		F48ED5B625D7EDC5001EE8E8 /* check.json in Resources */ = {isa = PBXBuildFile; fileRef = F48ED5B525D7EDC5001EE8E8 /* check.json */; };
		F48ED5B925D7F1EB001EE8E8 /* RoamingToastStyle.swift in Sources */ = {isa = PBXBuildFile; fileRef = F48ED5B825D7F1EB001EE8E8 /* RoamingToastStyle.swift */; };
		F4912DE025271F0B00ECED5E /* ImageGridFooterView.swift in Sources */ = {isa = PBXBuildFile; fileRef = F4912DDF25271F0B00ECED5E /* ImageGridFooterView.swift */; };
		F4912DE32527215600ECED5E /* ImageGridCell.swift in Sources */ = {isa = PBXBuildFile; fileRef = F4912DE22527215600ECED5E /* ImageGridCell.swift */; };
		F4962F8B251F667100EADE2D /* ImageGridView.swift in Sources */ = {isa = PBXBuildFile; fileRef = F4962F8A251F667100EADE2D /* ImageGridView.swift */; };
		F49D7041253AE5F300AA9FC6 /* HeaderView.swift in Sources */ = {isa = PBXBuildFile; fileRef = F49D7040253AE5F300AA9FC6 /* HeaderView.swift */; };
		F49D7046253B098500AA9FC6 /* VideosDataManager.swift in Sources */ = {isa = PBXBuildFile; fileRef = F49D7045253B098500AA9FC6 /* VideosDataManager.swift */; };
		F49D7049253B0AA500AA9FC6 /* Video.swift in Sources */ = {isa = PBXBuildFile; fileRef = F49D7048253B0AA500AA9FC6 /* Video.swift */; };
		F49D704C253B0E1F00AA9FC6 /* VideoListView.swift in Sources */ = {isa = PBXBuildFile; fileRef = F49D704B253B0E1F00AA9FC6 /* VideoListView.swift */; };
		F49D704F253B0E4700AA9FC6 /* VideosInteractor.swift in Sources */ = {isa = PBXBuildFile; fileRef = F49D704E253B0E4700AA9FC6 /* VideosInteractor.swift */; };
		F49D7054253B111F00AA9FC6 /* VideoView.swift in Sources */ = {isa = PBXBuildFile; fileRef = F49D7053253B111F00AA9FC6 /* VideoView.swift */; };
		F49D7057253B186500AA9FC6 /* VideoFooterView.swift in Sources */ = {isa = PBXBuildFile; fileRef = F49D7056253B186500AA9FC6 /* VideoFooterView.swift */; };
		F49D705A253B18FD00AA9FC6 /* RatingView.swift in Sources */ = {isa = PBXBuildFile; fileRef = F49D7059253B18FD00AA9FC6 /* RatingView.swift */; };
		F49D705D253B1F7800AA9FC6 /* CommentsButton.swift in Sources */ = {isa = PBXBuildFile; fileRef = F49D705C253B1F7800AA9FC6 /* CommentsButton.swift */; };
		F49D7060253B209C00AA9FC6 /* ShareButton.swift in Sources */ = {isa = PBXBuildFile; fileRef = F49D705F253B209C00AA9FC6 /* ShareButton.swift */; };
		F49DC5B125C077390081D950 /* CommentsDataManager.swift in Sources */ = {isa = PBXBuildFile; fileRef = F49DC5B025C077390081D950 /* CommentsDataManager.swift */; };
		F49DC5B525C077410081D950 /* Comment.swift in Sources */ = {isa = PBXBuildFile; fileRef = F49DC5B425C077410081D950 /* Comment.swift */; };
		F49DC5B825C07A0C0081D950 /* CommentsInteractor.swift in Sources */ = {isa = PBXBuildFile; fileRef = F49DC5B725C07A0C0081D950 /* CommentsInteractor.swift */; };
		F49DC5BB25C1556C0081D950 /* CommentsView.swift in Sources */ = {isa = PBXBuildFile; fileRef = F49DC5BA25C1556C0081D950 /* CommentsView.swift */; };
		F49DC5BE25C155CD0081D950 /* CommentView.swift in Sources */ = {isa = PBXBuildFile; fileRef = F49DC5BD25C155CD0081D950 /* CommentView.swift */; };
		F49DC5C125C15A550081D950 /* Commentable.swift in Sources */ = {isa = PBXBuildFile; fileRef = F49DC5C025C15A550081D950 /* Commentable.swift */; };
		F49DC5C525C1BE360081D950 /* AboutView.swift in Sources */ = {isa = PBXBuildFile; fileRef = F49DC5C425C1BE360081D950 /* AboutView.swift */; };
		F49F4B5F2567D41800B22909 /* URLSession+Result.swift in Sources */ = {isa = PBXBuildFile; fileRef = F49F4B5E2567D41800B22909 /* URLSession+Result.swift */; };
		F4B749EB2502727F0063CDA9 /* ImageListCellFooterRatingView.swift in Sources */ = {isa = PBXBuildFile; fileRef = F4B749EA2502727F0063CDA9 /* ImageListCellFooterRatingView.swift */; };
		F4B749ED250272DC0063CDA9 /* ImageListCellFooterRatingLoggedInView.swift in Sources */ = {isa = PBXBuildFile; fileRef = F4B749EC250272DC0063CDA9 /* ImageListCellFooterRatingLoggedInView.swift */; };
		F4C7BE6825115D0500F75D4F /* SDWebImageSwiftUI in Frameworks */ = {isa = PBXBuildFile; productRef = F4C7BE6725115D0500F75D4F /* SDWebImageSwiftUI */; };
		F4C94DE122D8A9950068F40E /* JokesDataManager.swift in Sources */ = {isa = PBXBuildFile; fileRef = F4C94DE022D8A9950068F40E /* JokesDataManager.swift */; };
		F4C94DE322D8A9AE0068F40E /* Joke.swift in Sources */ = {isa = PBXBuildFile; fileRef = F4C94DE222D8A9AE0068F40E /* Joke.swift */; };
		F4C94DE522D8B0AD0068F40E /* JokesInteractor.swift in Sources */ = {isa = PBXBuildFile; fileRef = F4C94DE422D8B0AD0068F40E /* JokesInteractor.swift */; };
		F4C94DE722D8B84F0068F40E /* JokesListView.swift in Sources */ = {isa = PBXBuildFile; fileRef = F4C94DE622D8B84F0068F40E /* JokesListView.swift */; };
		F4C94DE922D8B8AA0068F40E /* JokeView.swift in Sources */ = {isa = PBXBuildFile; fileRef = F4C94DE822D8B8A90068F40E /* JokeView.swift */; };
		F4C94E0C22D9D3440068F40E /* ForumDataManager.swift in Sources */ = {isa = PBXBuildFile; fileRef = F4C94E0B22D9D3440068F40E /* ForumDataManager.swift */; };
		F4C94E0E22D9D3790068F40E /* ForumPost.swift in Sources */ = {isa = PBXBuildFile; fileRef = F4C94E0D22D9D3790068F40E /* ForumPost.swift */; };
		F4C94E1022D9DEB30068F40E /* ForumInteractor.swift in Sources */ = {isa = PBXBuildFile; fileRef = F4C94E0F22D9DEB30068F40E /* ForumInteractor.swift */; };
		F4C94E1222D9E08C0068F40E /* ForumThread.swift in Sources */ = {isa = PBXBuildFile; fileRef = F4C94E1122D9E08C0068F40E /* ForumThread.swift */; };
		F4C94E1422D9EA4A0068F40E /* ForumView.swift in Sources */ = {isa = PBXBuildFile; fileRef = F4C94E1322D9EA4A0068F40E /* ForumView.swift */; };
		F4FAF85D25441E5A0045DDF2 /* Gif.swift in Sources */ = {isa = PBXBuildFile; fileRef = F4FAF85C25441E5A0045DDF2 /* Gif.swift */; };
		F4FAF861254421020045DDF2 /* GifsDataManager.swift in Sources */ = {isa = PBXBuildFile; fileRef = F4FAF860254421020045DDF2 /* GifsDataManager.swift */; };
		F4FAF8642544215D0045DDF2 /* GifsInteractor.swift in Sources */ = {isa = PBXBuildFile; fileRef = F4FAF8632544215D0045DDF2 /* GifsInteractor.swift */; };
		F4FAF8672544232A0045DDF2 /* GifView.swift in Sources */ = {isa = PBXBuildFile; fileRef = F4FAF8662544232A0045DDF2 /* GifView.swift */; };
		F4FAF86A25442FA90045DDF2 /* GifListView.swift in Sources */ = {isa = PBXBuildFile; fileRef = F4FAF86925442FA90045DDF2 /* GifListView.swift */; };
		F4FDABFC22BCD1ED002879CA /* AppDelegate.swift in Sources */ = {isa = PBXBuildFile; fileRef = F4FDABFB22BCD1ED002879CA /* AppDelegate.swift */; };
		F4FDABFE22BCD1ED002879CA /* SceneDelegate.swift in Sources */ = {isa = PBXBuildFile; fileRef = F4FDABFD22BCD1ED002879CA /* SceneDelegate.swift */; };
		F4FDAC0022BCD1ED002879CA /* ContentView.swift in Sources */ = {isa = PBXBuildFile; fileRef = F4FDABFF22BCD1ED002879CA /* ContentView.swift */; };
		F4FDAC0222BCD1EF002879CA /* Assets.xcassets in Resources */ = {isa = PBXBuildFile; fileRef = F4FDAC0122BCD1EF002879CA /* Assets.xcassets */; };
		F4FDAC0522BCD1EF002879CA /* Preview Assets.xcassets in Resources */ = {isa = PBXBuildFile; fileRef = F4FDAC0422BCD1EF002879CA /* Preview Assets.xcassets */; };
		F4FDAC0822BCD1EF002879CA /* LaunchScreen.storyboard in Resources */ = {isa = PBXBuildFile; fileRef = F4FDAC0622BCD1EF002879CA /* LaunchScreen.storyboard */; };
		F4FDAC1622BCDCCF002879CA /* RoumingImage.swift in Sources */ = {isa = PBXBuildFile; fileRef = F4FDAC1522BCDCCF002879CA /* RoumingImage.swift */; };
		F4FDAC1C22BCF983002879CA /* ImageList.swift in Sources */ = {isa = PBXBuildFile; fileRef = F4FDAC1B22BCF983002879CA /* ImageList.swift */; };
		F4FDAC1E22BD06AF002879CA /* ImageListView.swift in Sources */ = {isa = PBXBuildFile; fileRef = F4FDAC1D22BD06AF002879CA /* ImageListView.swift */; };
/* End PBXBuildFile section */

/* Begin PBXFileReference section */
		F40A2DAB25D9ADB600A4D1AA /* ZoomableScrollView.swift */ = {isa = PBXFileReference; lastKnownFileType = sourcecode.swift; path = ZoomableScrollView.swift; sourceTree = "<group>"; };
		F4206D3A22C7654000F37DD3 /* ImageListCell.swift */ = {isa = PBXFileReference; lastKnownFileType = sourcecode.swift; path = ImageListCell.swift; sourceTree = "<group>"; };
		F43ED83A25B47AE4000BD044 /* PostView.swift */ = {isa = PBXFileReference; lastKnownFileType = sourcecode.swift; path = PostView.swift; sourceTree = "<group>"; };
		F43ED83D25B47CBA000BD044 /* RegisteredUserView.swift */ = {isa = PBXFileReference; lastKnownFileType = sourcecode.swift; path = RegisteredUserView.swift; sourceTree = "<group>"; };
		F43ED84025B480C5000BD044 /* ForumPostsView.swift */ = {isa = PBXFileReference; lastKnownFileType = sourcecode.swift; path = ForumPostsView.swift; sourceTree = "<group>"; };
		F43ED84425B4877C000BD044 /* XMLAttributedText.swift */ = {isa = PBXFileReference; lastKnownFileType = sourcecode.swift; path = XMLAttributedText.swift; sourceTree = "<group>"; };
		F444764B25B18BB8005C7946 /* ForumThreadView.swift */ = {isa = PBXFileReference; lastKnownFileType = sourcecode.swift; path = ForumThreadView.swift; sourceTree = "<group>"; };
		F444764E25B18D39005C7946 /* ForumThreadPostsCountView.swift */ = {isa = PBXFileReference; lastKnownFileType = sourcecode.swift; path = ForumThreadPostsCountView.swift; sourceTree = "<group>"; };
		F444E444253994BD00CB8571 /* DateView.swift */ = {isa = PBXFileReference; lastKnownFileType = sourcecode.swift; path = DateView.swift; sourceTree = "<group>"; };
		F46A51C222EAF12100DA5821 /* NewItemView.swift */ = {isa = PBXFileReference; lastKnownFileType = sourcecode.swift; path = NewItemView.swift; sourceTree = "<group>"; };
		F46A51C422EB11B600DA5821 /* ImageListCellFooterView.swift */ = {isa = PBXFileReference; lastKnownFileType = sourcecode.swift; path = ImageListCellFooterView.swift; sourceTree = "<group>"; };
		F46BED882542E9F2000C977C /* iRouming-Bridging-Header.h */ = {isa = PBXFileReference; lastKnownFileType = sourcecode.c.h; path = "iRouming-Bridging-Header.h"; sourceTree = "<group>"; };
		F46BED892542E9F3000C977C /* YTPlayerView.m */ = {isa = PBXFileReference; fileEncoding = 4; lastKnownFileType = sourcecode.c.objc; path = YTPlayerView.m; sourceTree = "<group>"; };
		F46BED8A2542E9F3000C977C /* YTPlayerView.h */ = {isa = PBXFileReference; fileEncoding = 4; lastKnownFileType = sourcecode.c.h; path = YTPlayerView.h; sourceTree = "<group>"; };
		F46BED8B2542E9F3000C977C /* Assets.bundle */ = {isa = PBXFileReference; lastKnownFileType = "wrapper.plug-in"; path = Assets.bundle; sourceTree = "<group>"; };
		F46BED932542EECD000C977C /* YouTubeVideoView.swift */ = {isa = PBXFileReference; lastKnownFileType = sourcecode.swift; path = YouTubeVideoView.swift; sourceTree = "<group>"; };
		F46F57902513FAA700DC3B28 /* AppearanceUtil.swift */ = {isa = PBXFileReference; lastKnownFileType = sourcecode.swift; path = AppearanceUtil.swift; sourceTree = "<group>"; };
		F46F57942514AB1D00DC3B28 /* Color+AssetCatalog.swift */ = {isa = PBXFileReference; lastKnownFileType = sourcecode.swift; path = "Color+AssetCatalog.swift"; sourceTree = "<group>"; };
		F46F579B2514AEDF00DC3B28 /* ImageTabWrapView.swift */ = {isa = PBXFileReference; lastKnownFileType = sourcecode.swift; path = ImageTabWrapView.swift; sourceTree = "<group>"; };
		F46F579F2514B24E00DC3B28 /* ImageTabView.swift */ = {isa = PBXFileReference; lastKnownFileType = sourcecode.swift; path = ImageTabView.swift; sourceTree = "<group>"; };
		F46F57A32514D36300DC3B28 /* ImageDetailView.swift */ = {isa = PBXFileReference; lastKnownFileType = sourcecode.swift; path = ImageDetailView.swift; sourceTree = "<group>"; };
		F46F57A62514E0F800DC3B28 /* ImageDetailFooterView.swift */ = {isa = PBXFileReference; lastKnownFileType = sourcecode.swift; path = ImageDetailFooterView.swift; sourceTree = "<group>"; };
		F489568F254AAC4100196BE9 /* GifOverlayView.swift */ = {isa = PBXFileReference; lastKnownFileType = sourcecode.swift; path = GifOverlayView.swift; sourceTree = "<group>"; };
		F489569C254AB87A00196BE9 /* NewItemDisplayable.swift */ = {isa = PBXFileReference; lastKnownFileType = sourcecode.swift; path = NewItemDisplayable.swift; sourceTree = "<group>"; };
		F48956A0254AC25000196BE9 /* LastSeenView.swift */ = {isa = PBXFileReference; lastKnownFileType = sourcecode.swift; path = LastSeenView.swift; sourceTree = "<group>"; };
		F4895761255002AE00196BE9 /* iRouming.entitlements */ = {isa = PBXFileReference; lastKnownFileType = text.plist.entitlements; path = iRouming.entitlements; sourceTree = "<group>"; };
		F48AC82B257790E700C14195 /* ForumThreadsListView.swift */ = {isa = PBXFileReference; lastKnownFileType = sourcecode.swift; path = ForumThreadsListView.swift; sourceTree = "<group>"; };
		F48ED59925D67D2A001EE8E8 /* GoogleService-Info.plist */ = {isa = PBXFileReference; fileEncoding = 4; lastKnownFileType = text.plist.xml; path = "GoogleService-Info.plist"; sourceTree = "<group>"; };
		F48ED5A425D7C96B001EE8E8 /* LoadingView.swift */ = {isa = PBXFileReference; lastKnownFileType = sourcecode.swift; path = LoadingView.swift; sourceTree = "<group>"; };
		F48ED5AC25D7D074001EE8E8 /* loading.json */ = {isa = PBXFileReference; fileEncoding = 4; lastKnownFileType = text.json; name = loading.json; path = ../../../../../../../../Downloads/loading.json; sourceTree = "<group>"; };
		F48ED5B525D7EDC5001EE8E8 /* check.json */ = {isa = PBXFileReference; fileEncoding = 4; lastKnownFileType = text.json; path = check.json; sourceTree = "<group>"; };
		F48ED5B825D7F1EB001EE8E8 /* RoamingToastStyle.swift */ = {isa = PBXFileReference; lastKnownFileType = sourcecode.swift; path = RoamingToastStyle.swift; sourceTree = "<group>"; };
		F4912DDF25271F0B00ECED5E /* ImageGridFooterView.swift */ = {isa = PBXFileReference; lastKnownFileType = sourcecode.swift; path = ImageGridFooterView.swift; sourceTree = "<group>"; };
		F4912DE22527215600ECED5E /* ImageGridCell.swift */ = {isa = PBXFileReference; lastKnownFileType = sourcecode.swift; path = ImageGridCell.swift; sourceTree = "<group>"; };
		F4962F8A251F667100EADE2D /* ImageGridView.swift */ = {isa = PBXFileReference; lastKnownFileType = sourcecode.swift; path = ImageGridView.swift; sourceTree = "<group>"; };
		F49D7040253AE5F300AA9FC6 /* HeaderView.swift */ = {isa = PBXFileReference; lastKnownFileType = sourcecode.swift; path = HeaderView.swift; sourceTree = "<group>"; };
		F49D7045253B098500AA9FC6 /* VideosDataManager.swift */ = {isa = PBXFileReference; lastKnownFileType = sourcecode.swift; path = VideosDataManager.swift; sourceTree = "<group>"; };
		F49D7048253B0AA500AA9FC6 /* Video.swift */ = {isa = PBXFileReference; lastKnownFileType = sourcecode.swift; path = Video.swift; sourceTree = "<group>"; };
		F49D704B253B0E1F00AA9FC6 /* VideoListView.swift */ = {isa = PBXFileReference; lastKnownFileType = sourcecode.swift; path = VideoListView.swift; sourceTree = "<group>"; };
		F49D704E253B0E4700AA9FC6 /* VideosInteractor.swift */ = {isa = PBXFileReference; lastKnownFileType = sourcecode.swift; path = VideosInteractor.swift; sourceTree = "<group>"; };
		F49D7053253B111F00AA9FC6 /* VideoView.swift */ = {isa = PBXFileReference; lastKnownFileType = sourcecode.swift; path = VideoView.swift; sourceTree = "<group>"; };
		F49D7056253B186500AA9FC6 /* VideoFooterView.swift */ = {isa = PBXFileReference; lastKnownFileType = sourcecode.swift; path = VideoFooterView.swift; sourceTree = "<group>"; };
		F49D7059253B18FD00AA9FC6 /* RatingView.swift */ = {isa = PBXFileReference; lastKnownFileType = sourcecode.swift; path = RatingView.swift; sourceTree = "<group>"; };
		F49D705C253B1F7800AA9FC6 /* CommentsButton.swift */ = {isa = PBXFileReference; lastKnownFileType = sourcecode.swift; path = CommentsButton.swift; sourceTree = "<group>"; };
		F49D705F253B209C00AA9FC6 /* ShareButton.swift */ = {isa = PBXFileReference; lastKnownFileType = sourcecode.swift; path = ShareButton.swift; sourceTree = "<group>"; };
		F49DC5B025C077390081D950 /* CommentsDataManager.swift */ = {isa = PBXFileReference; lastKnownFileType = sourcecode.swift; path = CommentsDataManager.swift; sourceTree = "<group>"; };
		F49DC5B425C077410081D950 /* Comment.swift */ = {isa = PBXFileReference; lastKnownFileType = sourcecode.swift; path = Comment.swift; sourceTree = "<group>"; };
		F49DC5B725C07A0C0081D950 /* CommentsInteractor.swift */ = {isa = PBXFileReference; lastKnownFileType = sourcecode.swift; path = CommentsInteractor.swift; sourceTree = "<group>"; };
		F49DC5BA25C1556C0081D950 /* CommentsView.swift */ = {isa = PBXFileReference; lastKnownFileType = sourcecode.swift; path = CommentsView.swift; sourceTree = "<group>"; };
		F49DC5BD25C155CD0081D950 /* CommentView.swift */ = {isa = PBXFileReference; lastKnownFileType = sourcecode.swift; path = CommentView.swift; sourceTree = "<group>"; };
		F49DC5C025C15A550081D950 /* Commentable.swift */ = {isa = PBXFileReference; lastKnownFileType = sourcecode.swift; path = Commentable.swift; sourceTree = "<group>"; };
		F49DC5C425C1BE360081D950 /* AboutView.swift */ = {isa = PBXFileReference; lastKnownFileType = sourcecode.swift; path = AboutView.swift; sourceTree = "<group>"; };
		F49F4B5E2567D41800B22909 /* URLSession+Result.swift */ = {isa = PBXFileReference; lastKnownFileType = sourcecode.swift; path = "URLSession+Result.swift"; sourceTree = "<group>"; };
		F4B749EA2502727F0063CDA9 /* ImageListCellFooterRatingView.swift */ = {isa = PBXFileReference; lastKnownFileType = sourcecode.swift; path = ImageListCellFooterRatingView.swift; sourceTree = "<group>"; };
		F4B749EC250272DC0063CDA9 /* ImageListCellFooterRatingLoggedInView.swift */ = {isa = PBXFileReference; lastKnownFileType = sourcecode.swift; path = ImageListCellFooterRatingLoggedInView.swift; sourceTree = "<group>"; };
		F4C94DE022D8A9950068F40E /* JokesDataManager.swift */ = {isa = PBXFileReference; lastKnownFileType = sourcecode.swift; path = JokesDataManager.swift; sourceTree = "<group>"; };
		F4C94DE222D8A9AE0068F40E /* Joke.swift */ = {isa = PBXFileReference; lastKnownFileType = sourcecode.swift; path = Joke.swift; sourceTree = "<group>"; };
		F4C94DE422D8B0AD0068F40E /* JokesInteractor.swift */ = {isa = PBXFileReference; lastKnownFileType = sourcecode.swift; path = JokesInteractor.swift; sourceTree = "<group>"; };
		F4C94DE622D8B84F0068F40E /* JokesListView.swift */ = {isa = PBXFileReference; lastKnownFileType = sourcecode.swift; path = JokesListView.swift; sourceTree = "<group>"; };
		F4C94DE822D8B8A90068F40E /* JokeView.swift */ = {isa = PBXFileReference; lastKnownFileType = sourcecode.swift; path = JokeView.swift; sourceTree = "<group>"; };
		F4C94E0B22D9D3440068F40E /* ForumDataManager.swift */ = {isa = PBXFileReference; lastKnownFileType = sourcecode.swift; path = ForumDataManager.swift; sourceTree = "<group>"; };
		F4C94E0D22D9D3790068F40E /* ForumPost.swift */ = {isa = PBXFileReference; lastKnownFileType = sourcecode.swift; path = ForumPost.swift; sourceTree = "<group>"; };
		F4C94E0F22D9DEB30068F40E /* ForumInteractor.swift */ = {isa = PBXFileReference; lastKnownFileType = sourcecode.swift; path = ForumInteractor.swift; sourceTree = "<group>"; };
		F4C94E1122D9E08C0068F40E /* ForumThread.swift */ = {isa = PBXFileReference; lastKnownFileType = sourcecode.swift; path = ForumThread.swift; sourceTree = "<group>"; };
		F4C94E1322D9EA4A0068F40E /* ForumView.swift */ = {isa = PBXFileReference; lastKnownFileType = sourcecode.swift; path = ForumView.swift; sourceTree = "<group>"; };
		F4FAF85C25441E5A0045DDF2 /* Gif.swift */ = {isa = PBXFileReference; lastKnownFileType = sourcecode.swift; path = Gif.swift; sourceTree = "<group>"; };
		F4FAF860254421020045DDF2 /* GifsDataManager.swift */ = {isa = PBXFileReference; lastKnownFileType = sourcecode.swift; path = GifsDataManager.swift; sourceTree = "<group>"; };
		F4FAF8632544215D0045DDF2 /* GifsInteractor.swift */ = {isa = PBXFileReference; lastKnownFileType = sourcecode.swift; path = GifsInteractor.swift; sourceTree = "<group>"; };
		F4FAF8662544232A0045DDF2 /* GifView.swift */ = {isa = PBXFileReference; lastKnownFileType = sourcecode.swift; path = GifView.swift; sourceTree = "<group>"; };
		F4FAF86925442FA90045DDF2 /* GifListView.swift */ = {isa = PBXFileReference; lastKnownFileType = sourcecode.swift; path = GifListView.swift; sourceTree = "<group>"; };
		F4FDABF822BCD1ED002879CA /* iRouming.app */ = {isa = PBXFileReference; explicitFileType = wrapper.application; includeInIndex = 0; path = iRouming.app; sourceTree = BUILT_PRODUCTS_DIR; };
		F4FDABFB22BCD1ED002879CA /* AppDelegate.swift */ = {isa = PBXFileReference; lastKnownFileType = sourcecode.swift; path = AppDelegate.swift; sourceTree = "<group>"; };
		F4FDABFD22BCD1ED002879CA /* SceneDelegate.swift */ = {isa = PBXFileReference; lastKnownFileType = sourcecode.swift; path = SceneDelegate.swift; sourceTree = "<group>"; };
		F4FDABFF22BCD1ED002879CA /* ContentView.swift */ = {isa = PBXFileReference; lastKnownFileType = sourcecode.swift; path = ContentView.swift; sourceTree = "<group>"; };
		F4FDAC0122BCD1EF002879CA /* Assets.xcassets */ = {isa = PBXFileReference; lastKnownFileType = folder.assetcatalog; path = Assets.xcassets; sourceTree = "<group>"; };
		F4FDAC0422BCD1EF002879CA /* Preview Assets.xcassets */ = {isa = PBXFileReference; lastKnownFileType = folder.assetcatalog; path = "Preview Assets.xcassets"; sourceTree = "<group>"; };
		F4FDAC0722BCD1EF002879CA /* Base */ = {isa = PBXFileReference; lastKnownFileType = file.storyboard; name = Base; path = Base.lproj/LaunchScreen.storyboard; sourceTree = "<group>"; };
		F4FDAC0922BCD1EF002879CA /* Info.plist */ = {isa = PBXFileReference; lastKnownFileType = text.plist.xml; path = Info.plist; sourceTree = "<group>"; };
		F4FDAC1522BCDCCF002879CA /* RoumingImage.swift */ = {isa = PBXFileReference; lastKnownFileType = sourcecode.swift; path = RoumingImage.swift; sourceTree = "<group>"; };
		F4FDAC1922BCE056002879CA /* ImagesDataManager.swift */ = {isa = PBXFileReference; lastKnownFileType = sourcecode.swift; path = ImagesDataManager.swift; sourceTree = "<group>"; };
		F4FDAC1B22BCF983002879CA /* ImageList.swift */ = {isa = PBXFileReference; lastKnownFileType = sourcecode.swift; path = ImageList.swift; sourceTree = "<group>"; };
		F4FDAC1D22BD06AF002879CA /* ImageListView.swift */ = {isa = PBXFileReference; lastKnownFileType = sourcecode.swift; path = ImageListView.swift; sourceTree = "<group>"; };
/* End PBXFileReference section */

/* Begin PBXFrameworksBuildPhase section */
		F4FDABF522BCD1ED002879CA /* Frameworks */ = {
			isa = PBXFrameworksBuildPhase;
			buildActionMask = 2147483647;
			files = (
				F48ED59725D67CE2001EE8E8 /* FirebaseCrashlytics in Frameworks */,
				F48ED59525D67CE2001EE8E8 /* FirebaseAnalytics in Frameworks */,
				F4C7BE6825115D0500F75D4F /* SDWebImageSwiftUI in Frameworks */,
				F48ED5B325D7EAD2001EE8E8 /* ToastUI in Frameworks */,
				F48ED5A225D6DE7A001EE8E8 /* Lottie in Frameworks */,
			);
			runOnlyForDeploymentPostprocessing = 0;
		};
/* End PBXFrameworksBuildPhase section */

/* Begin PBXGroup section */
		F43ED83925B47AD3000BD044 /* Posts */ = {
			isa = PBXGroup;
			children = (
				F43ED83A25B47AE4000BD044 /* PostView.swift */,
				F43ED83D25B47CBA000BD044 /* RegisteredUserView.swift */,
				F43ED84025B480C5000BD044 /* ForumPostsView.swift */,
			);
			path = Posts;
			sourceTree = "<group>";
		};
		F444E4432539947C00CB8571 /* SharedViews */ = {
			isa = PBXGroup;
			children = (
				F46A51C222EAF12100DA5821 /* NewItemView.swift */,
				F444E444253994BD00CB8571 /* DateView.swift */,
				F49D7040253AE5F300AA9FC6 /* HeaderView.swift */,
				F49D7059253B18FD00AA9FC6 /* RatingView.swift */,
				F49D705C253B1F7800AA9FC6 /* CommentsButton.swift */,
				F49D705F253B209C00AA9FC6 /* ShareButton.swift */,
				F48956A0254AC25000196BE9 /* LastSeenView.swift */,
				F48ED5A425D7C96B001EE8E8 /* LoadingView.swift */,
				F48ED5B825D7F1EB001EE8E8 /* RoamingToastStyle.swift */,
			);
			path = SharedViews;
			sourceTree = "<group>";
		};
		F46A51BF22EAED6400DA5821 /* ImageListCellViews */ = {
			isa = PBXGroup;
			children = (
				F4B749E92502724A0063CDA9 /* Footer */,
				F4206D3A22C7654000F37DD3 /* ImageListCell.swift */,
			);
			path = ImageListCellViews;
			sourceTree = "<group>";
		};
		F46BED872542E9DB000C977C /* YouTube */ = {
			isa = PBXGroup;
			children = (
				F46BED8B2542E9F3000C977C /* Assets.bundle */,
				F46BED8A2542E9F3000C977C /* YTPlayerView.h */,
				F46BED892542E9F3000C977C /* YTPlayerView.m */,
				F46BED882542E9F2000C977C /* iRouming-Bridging-Header.h */,
			);
			path = YouTube;
			sourceTree = "<group>";
		};
		F46F578F2513FA7800DC3B28 /* Appearance */ = {
			isa = PBXGroup;
			children = (
				F46F57902513FAA700DC3B28 /* AppearanceUtil.swift */,
			);
			path = Appearance;
			sourceTree = "<group>";
		};
		F46F57972514AEB100DC3B28 /* Images */ = {
			isa = PBXGroup;
			children = (
				F4FDAC1522BCDCCF002879CA /* RoumingImage.swift */,
				F4FDAC1922BCE056002879CA /* ImagesDataManager.swift */,
				F46F579A2514AEBE00DC3B28 /* ImageTab */,
				F4A852BC22C77BAD0006C269 /* ImageDetail */,
				F4FDAC1422BCDCBB002879CA /* ImageList */,
				F4962F89251F65C200EADE2D /* ImageGrid */,
			);
			path = Images;
			sourceTree = "<group>";
		};
		F46F579A2514AEBE00DC3B28 /* ImageTab */ = {
			isa = PBXGroup;
			children = (
				F46F579B2514AEDF00DC3B28 /* ImageTabWrapView.swift */,
				F46F579F2514B24E00DC3B28 /* ImageTabView.swift */,
			);
			path = ImageTab;
			sourceTree = "<group>";
		};
		F489569B254AB45D00196BE9 /* SharedModel */ = {
			isa = PBXGroup;
			children = (
				F489569C254AB87A00196BE9 /* NewItemDisplayable.swift */,
			);
			path = SharedModel;
			sourceTree = "<group>";
		};
		F48AC82A257790D700C14195 /* Threads */ = {
			isa = PBXGroup;
			children = (
				F48AC82B257790E700C14195 /* ForumThreadsListView.swift */,
				F444764B25B18BB8005C7946 /* ForumThreadView.swift */,
				F444764E25B18D39005C7946 /* ForumThreadPostsCountView.swift */,
			);
			path = Threads;
			sourceTree = "<group>";
		};
		F48ED5A725D7CB31001EE8E8 /* Resources */ = {
			isa = PBXGroup;
			children = (
				F48ED5A825D7CB39001EE8E8 /* Animations */,
			);
			path = Resources;
			sourceTree = "<group>";
		};
		F48ED5A825D7CB39001EE8E8 /* Animations */ = {
			isa = PBXGroup;
			children = (
				F48ED5AC25D7D074001EE8E8 /* loading.json */,
				F48ED5B525D7EDC5001EE8E8 /* check.json */,
			);
			path = Animations;
			sourceTree = "<group>";
		};
		F4962F89251F65C200EADE2D /* ImageGrid */ = {
			isa = PBXGroup;
			children = (
				F4962F8A251F667100EADE2D /* ImageGridView.swift */,
				F4912DDF25271F0B00ECED5E /* ImageGridFooterView.swift */,
				F4912DE22527215600ECED5E /* ImageGridCell.swift */,
			);
			path = ImageGrid;
			sourceTree = "<group>";
		};
		F49D7044253B096C00AA9FC6 /* Videos */ = {
			isa = PBXGroup;
			children = (
				F49D7045253B098500AA9FC6 /* VideosDataManager.swift */,
				F49D704E253B0E4700AA9FC6 /* VideosInteractor.swift */,
				F49D7048253B0AA500AA9FC6 /* Video.swift */,
				F49D704B253B0E1F00AA9FC6 /* VideoListView.swift */,
				F49D7053253B111F00AA9FC6 /* VideoView.swift */,
				F49D7056253B186500AA9FC6 /* VideoFooterView.swift */,
				F46BED932542EECD000C977C /* YouTubeVideoView.swift */,
			);
			path = Videos;
			sourceTree = "<group>";
		};
		F49DC5AF25C0771F0081D950 /* Comments */ = {
			isa = PBXGroup;
			children = (
				F49DC5B025C077390081D950 /* CommentsDataManager.swift */,
				F49DC5B425C077410081D950 /* Comment.swift */,
				F49DC5B725C07A0C0081D950 /* CommentsInteractor.swift */,
				F49DC5BA25C1556C0081D950 /* CommentsView.swift */,
				F49DC5BD25C155CD0081D950 /* CommentView.swift */,
				F49DC5C025C15A550081D950 /* Commentable.swift */,
			);
			path = Comments;
			sourceTree = "<group>";
		};
		F49DC5C325C1BDC10081D950 /* About */ = {
			isa = PBXGroup;
			children = (
				F49DC5C425C1BE360081D950 /* AboutView.swift */,
			);
			path = About;
			sourceTree = "<group>";
		};
		F4A852BC22C77BAD0006C269 /* ImageDetail */ = {
			isa = PBXGroup;
			children = (
				F46F57A62514E0F800DC3B28 /* ImageDetailFooterView.swift */,
				F46F57A32514D36300DC3B28 /* ImageDetailView.swift */,
				F40A2DAB25D9ADB600A4D1AA /* ZoomableScrollView.swift */,
			);
			path = ImageDetail;
			sourceTree = "<group>";
		};
		F4B749E92502724A0063CDA9 /* Footer */ = {
			isa = PBXGroup;
			children = (
				F4B749EA2502727F0063CDA9 /* ImageListCellFooterRatingView.swift */,
				F4B749EC250272DC0063CDA9 /* ImageListCellFooterRatingLoggedInView.swift */,
				F46A51C422EB11B600DA5821 /* ImageListCellFooterView.swift */,
			);
			path = Footer;
			sourceTree = "<group>";
		};
		F4C94DDF22D8A97D0068F40E /* JokesList */ = {
			isa = PBXGroup;
			children = (
				F4C94DE022D8A9950068F40E /* JokesDataManager.swift */,
				F4C94DE222D8A9AE0068F40E /* Joke.swift */,
				F4C94DE422D8B0AD0068F40E /* JokesInteractor.swift */,
				F4C94DE622D8B84F0068F40E /* JokesListView.swift */,
				F4C94DE822D8B8A90068F40E /* JokeView.swift */,
			);
			path = JokesList;
			sourceTree = "<group>";
		};
		F4C94E0A22D9D31C0068F40E /* Forum */ = {
			isa = PBXGroup;
			children = (
				F43ED83925B47AD3000BD044 /* Posts */,
				F48AC82A257790D700C14195 /* Threads */,
				F4C94E0B22D9D3440068F40E /* ForumDataManager.swift */,
				F4C94E0D22D9D3790068F40E /* ForumPost.swift */,
				F4C94E1122D9E08C0068F40E /* ForumThread.swift */,
				F4C94E0F22D9DEB30068F40E /* ForumInteractor.swift */,
				F4C94E1322D9EA4A0068F40E /* ForumView.swift */,
			);
			path = Forum;
			sourceTree = "<group>";
		};
		F4EDCFAA2502379F004A51FB /* Utils */ = {
			isa = PBXGroup;
			children = (
				F46F57942514AB1D00DC3B28 /* Color+AssetCatalog.swift */,
				F49F4B5E2567D41800B22909 /* URLSession+Result.swift */,
				F43ED84425B4877C000BD044 /* XMLAttributedText.swift */,
			);
			path = Utils;
			sourceTree = "<group>";
		};
		F4FAF855254313520045DDF2 /* Frameworks */ = {
			isa = PBXGroup;
			children = (
			);
			name = Frameworks;
			sourceTree = "<group>";
		};
		F4FAF85B2544197F0045DDF2 /* Gifs */ = {
			isa = PBXGroup;
			children = (
				F4FAF85C25441E5A0045DDF2 /* Gif.swift */,
				F4FAF860254421020045DDF2 /* GifsDataManager.swift */,
				F4FAF8632544215D0045DDF2 /* GifsInteractor.swift */,
				F4FAF8662544232A0045DDF2 /* GifView.swift */,
				F4FAF86925442FA90045DDF2 /* GifListView.swift */,
				F489568F254AAC4100196BE9 /* GifOverlayView.swift */,
			);
			path = Gifs;
			sourceTree = "<group>";
		};
		F4FDABEF22BCD1ED002879CA = {
			isa = PBXGroup;
			children = (
				F4FDABFA22BCD1ED002879CA /* iRouming */,
				F4FDABF922BCD1ED002879CA /* Products */,
				F4FAF855254313520045DDF2 /* Frameworks */,
			);
			sourceTree = "<group>";
		};
		F4FDABF922BCD1ED002879CA /* Products */ = {
			isa = PBXGroup;
			children = (
				F4FDABF822BCD1ED002879CA /* iRouming.app */,
			);
			name = Products;
			sourceTree = "<group>";
		};
		F4FDABFA22BCD1ED002879CA /* iRouming */ = {
			isa = PBXGroup;
			children = (
				F48ED5A725D7CB31001EE8E8 /* Resources */,
				F4895761255002AE00196BE9 /* iRouming.entitlements */,
				F489569B254AB45D00196BE9 /* SharedModel */,
				F46BED872542E9DB000C977C /* YouTube */,
				F444E4432539947C00CB8571 /* SharedViews */,
				F46F578F2513FA7800DC3B28 /* Appearance */,
				F4EDCFAA2502379F004A51FB /* Utils */,
				F49DC5C325C1BDC10081D950 /* About */,
				F49DC5AF25C0771F0081D950 /* Comments */,
				F4C94E0A22D9D31C0068F40E /* Forum */,
				F4FAF85B2544197F0045DDF2 /* Gifs */,
				F49D7044253B096C00AA9FC6 /* Videos */,
				F4C94DDF22D8A97D0068F40E /* JokesList */,
				F46F57972514AEB100DC3B28 /* Images */,
				F4FDABFB22BCD1ED002879CA /* AppDelegate.swift */,
				F4FDABFD22BCD1ED002879CA /* SceneDelegate.swift */,
				F4FDABFF22BCD1ED002879CA /* ContentView.swift */,
				F4FDAC0122BCD1EF002879CA /* Assets.xcassets */,
				F4FDAC0622BCD1EF002879CA /* LaunchScreen.storyboard */,
				F4FDAC0922BCD1EF002879CA /* Info.plist */,
				F4FDAC0322BCD1EF002879CA /* Preview Content */,
				F48ED59925D67D2A001EE8E8 /* GoogleService-Info.plist */,
			);
			path = iRouming;
			sourceTree = "<group>";
		};
		F4FDAC0322BCD1EF002879CA /* Preview Content */ = {
			isa = PBXGroup;
			children = (
				F4FDAC0422BCD1EF002879CA /* Preview Assets.xcassets */,
			);
			path = "Preview Content";
			sourceTree = "<group>";
		};
		F4FDAC1422BCDCBB002879CA /* ImageList */ = {
			isa = PBXGroup;
			children = (
				F46A51BF22EAED6400DA5821 /* ImageListCellViews */,
				F4FDAC1B22BCF983002879CA /* ImageList.swift */,
				F4FDAC1D22BD06AF002879CA /* ImageListView.swift */,
			);
			path = ImageList;
			sourceTree = "<group>";
		};
/* End PBXGroup section */

/* Begin PBXNativeTarget section */
		F4FDABF722BCD1ED002879CA /* iRouming */ = {
			isa = PBXNativeTarget;
			buildConfigurationList = F4FDAC0C22BCD1EF002879CA /* Build configuration list for PBXNativeTarget "iRouming" */;
			buildPhases = (
				F4FDABF422BCD1ED002879CA /* Sources */,
				F4FDABF522BCD1ED002879CA /* Frameworks */,
				F4FDABF622BCD1ED002879CA /* Resources */,
			);
			buildRules = (
			);
			dependencies = (
			);
			name = iRouming;
			packageProductDependencies = (
				F4C7BE6725115D0500F75D4F /* SDWebImageSwiftUI */,
				F48ED59425D67CE2001EE8E8 /* FirebaseAnalytics */,
				F48ED59625D67CE2001EE8E8 /* FirebaseCrashlytics */,
				F48ED5A125D6DE7A001EE8E8 /* Lottie */,
				F48ED5B225D7EAD2001EE8E8 /* ToastUI */,
			);
			productName = iRouming;
			productReference = F4FDABF822BCD1ED002879CA /* iRouming.app */;
			productType = "com.apple.product-type.application";
		};
/* End PBXNativeTarget section */

/* Begin PBXProject section */
		F4FDABF022BCD1ED002879CA /* Project object */ = {
			isa = PBXProject;
			attributes = {
				LastSwiftUpdateCheck = 1100;
				LastUpgradeCheck = 1200;
				ORGANIZATIONNAME = "Lost Bytes";
				TargetAttributes = {
					F4FDABF722BCD1ED002879CA = {
						CreatedOnToolsVersion = 11.0;
						LastSwiftMigration = 1210;
					};
				};
			};
			buildConfigurationList = F4FDABF322BCD1ED002879CA /* Build configuration list for PBXProject "iRouming" */;
			compatibilityVersion = "Xcode 9.3";
			developmentRegion = en;
			hasScannedForEncodings = 0;
			knownRegions = (
				en,
				Base,
			);
			mainGroup = F4FDABEF22BCD1ED002879CA;
			packageReferences = (
				F4C7BE6625115D0500F75D4F /* XCRemoteSwiftPackageReference "SDWebImageSwiftUI" */,
				F48ED59325D67CE2001EE8E8 /* XCRemoteSwiftPackageReference "firebase-ios-sdk" */,
				F48ED5A025D6DE7A001EE8E8 /* XCRemoteSwiftPackageReference "lottie-ios" */,
				F48ED5B125D7EAD2001EE8E8 /* XCRemoteSwiftPackageReference "ToastUI" */,
			);
			productRefGroup = F4FDABF922BCD1ED002879CA /* Products */;
			projectDirPath = "";
			projectRoot = "";
			targets = (
				F4FDABF722BCD1ED002879CA /* iRouming */,
			);
		};
/* End PBXProject section */

/* Begin PBXResourcesBuildPhase section */
		F4FDABF622BCD1ED002879CA /* Resources */ = {
			isa = PBXResourcesBuildPhase;
			buildActionMask = 2147483647;
			files = (
				F46BED8E2542E9F3000C977C /* Assets.bundle in Resources */,
				F4FDAC0822BCD1EF002879CA /* LaunchScreen.storyboard in Resources */,
				F48ED59A25D67D2A001EE8E8 /* GoogleService-Info.plist in Resources */,
				F48ED5B625D7EDC5001EE8E8 /* check.json in Resources */,
				F48ED5AD25D7D074001EE8E8 /* loading.json in Resources */,
				F4FDAC0522BCD1EF002879CA /* Preview Assets.xcassets in Resources */,
				F4FDAC0222BCD1EF002879CA /* Assets.xcassets in Resources */,
			);
			runOnlyForDeploymentPostprocessing = 0;
		};
/* End PBXResourcesBuildPhase section */

/* Begin PBXSourcesBuildPhase section */
		F4FDABF422BCD1ED002879CA /* Sources */ = {
			isa = PBXSourcesBuildPhase;
			buildActionMask = 2147483647;
			files = (
				F4FDAC1E22BD06AF002879CA /* ImageListView.swift in Sources */,
				F49DC5B525C077410081D950 /* Comment.swift in Sources */,
				F4C94DE722D8B84F0068F40E /* JokesListView.swift in Sources */,
				F49DC5C125C15A550081D950 /* Commentable.swift in Sources */,
				F46F579C2514AEDF00DC3B28 /* ImageTabWrapView.swift in Sources */,
				F46F57A42514D36300DC3B28 /* ImageDetailView.swift in Sources */,
				F4FDAC1622BCDCCF002879CA /* RoumingImage.swift in Sources */,
				F4895690254AAC4100196BE9 /* GifOverlayView.swift in Sources */,
				F49D7054253B111F00AA9FC6 /* VideoView.swift in Sources */,
				F4206D3B22C7654000F37DD3 /* ImageListCell.swift in Sources */,
				F40A2DAC25D9ADB600A4D1AA /* ZoomableScrollView.swift in Sources */,
				F49D705D253B1F7800AA9FC6 /* CommentsButton.swift in Sources */,
				F46F57A02514B24E00DC3B28 /* ImageTabView.swift in Sources */,
				F444764C25B18BB8005C7946 /* ForumThreadView.swift in Sources */,
				F49D704F253B0E4700AA9FC6 /* VideosInteractor.swift in Sources */,
				F444E445253994BD00CB8571 /* DateView.swift in Sources */,
				F49D7046253B098500AA9FC6 /* VideosDataManager.swift in Sources */,
				F49DC5BE25C155CD0081D950 /* CommentView.swift in Sources */,
				F49D7041253AE5F300AA9FC6 /* HeaderView.swift in Sources */,
				F4B749ED250272DC0063CDA9 /* ImageListCellFooterRatingLoggedInView.swift in Sources */,
				F48956A1254AC25000196BE9 /* LastSeenView.swift in Sources */,
				F46F57952514AB1D00DC3B28 /* Color+AssetCatalog.swift in Sources */,
				F46BED942542EECD000C977C /* YouTubeVideoView.swift in Sources */,
				F46BED8D2542E9F3000C977C /* YTPlayerView.m in Sources */,
				F444764F25B18D39005C7946 /* ForumThreadPostsCountView.swift in Sources */,
				F4FAF8642544215D0045DDF2 /* GifsInteractor.swift in Sources */,
				F48ED5B925D7F1EB001EE8E8 /* RoamingToastStyle.swift in Sources */,
				F4C94E0C22D9D3440068F40E /* ForumDataManager.swift in Sources */,
				F49F4B5F2567D41800B22909 /* URLSession+Result.swift in Sources */,
				F489569D254AB87A00196BE9 /* NewItemDisplayable.swift in Sources */,
				F4FAF8672544232A0045DDF2 /* GifView.swift in Sources */,
				F4962F8B251F667100EADE2D /* ImageGridView.swift in Sources */,
				F49D704C253B0E1F00AA9FC6 /* VideoListView.swift in Sources */,
				F4912DE025271F0B00ECED5E /* ImageGridFooterView.swift in Sources */,
				F46A51C522EB11B600DA5821 /* ImageListCellFooterView.swift in Sources */,
				F4C94DE522D8B0AD0068F40E /* JokesInteractor.swift in Sources */,
				F46F57A72514E0F800DC3B28 /* ImageDetailFooterView.swift in Sources */,
				F49D705A253B18FD00AA9FC6 /* RatingView.swift in Sources */,
				F49D7060253B209C00AA9FC6 /* ShareButton.swift in Sources */,
				F49DC5B125C077390081D950 /* CommentsDataManager.swift in Sources */,
				F4FAF85D25441E5A0045DDF2 /* Gif.swift in Sources */,
				F4C94E1222D9E08C0068F40E /* ForumThread.swift in Sources */,
				F4912DE32527215600ECED5E /* ImageGridCell.swift in Sources */,
				F49DC5B825C07A0C0081D950 /* CommentsInteractor.swift in Sources */,
				F4B749EB2502727F0063CDA9 /* ImageListCellFooterRatingView.swift in Sources */,
				F4FDABFC22BCD1ED002879CA /* AppDelegate.swift in Sources */,
				F46A51C322EAF12100DA5821 /* NewItemView.swift in Sources */,
				F4895698254AB31200196BE9 /* ImagesDataManager.swift in Sources */,
				F49DC5BB25C1556C0081D950 /* CommentsView.swift in Sources */,
				F4C94E0E22D9D3790068F40E /* ForumPost.swift in Sources */,
				F4C94E1022D9DEB30068F40E /* ForumInteractor.swift in Sources */,
				F43ED83E25B47CBA000BD044 /* RegisteredUserView.swift in Sources */,
				F48ED5A525D7C96B001EE8E8 /* LoadingView.swift in Sources */,
				F4FDABFE22BCD1ED002879CA /* SceneDelegate.swift in Sources */,
				F49D7057253B186500AA9FC6 /* VideoFooterView.swift in Sources */,
				F48AC82C257790E700C14195 /* ForumThreadsListView.swift in Sources */,
				F4FAF861254421020045DDF2 /* GifsDataManager.swift in Sources */,
				F4C94DE322D8A9AE0068F40E /* Joke.swift in Sources */,
				F43ED84525B4877C000BD044 /* XMLAttributedText.swift in Sources */,
				F4FDAC1C22BCF983002879CA /* ImageList.swift in Sources */,
				F49D7049253B0AA500AA9FC6 /* Video.swift in Sources */,
				F49DC5C525C1BE360081D950 /* AboutView.swift in Sources */,
				F4C94DE122D8A9950068F40E /* JokesDataManager.swift in Sources */,
				F43ED84125B480C5000BD044 /* ForumPostsView.swift in Sources */,
				F4FDAC0022BCD1ED002879CA /* ContentView.swift in Sources */,
				F4C94E1422D9EA4A0068F40E /* ForumView.swift in Sources */,
				F4C94DE922D8B8AA0068F40E /* JokeView.swift in Sources */,
				F4FAF86A25442FA90045DDF2 /* GifListView.swift in Sources */,
				F43ED83B25B47AE4000BD044 /* PostView.swift in Sources */,
				F46F57912513FAA700DC3B28 /* AppearanceUtil.swift in Sources */,
			);
			runOnlyForDeploymentPostprocessing = 0;
		};
/* End PBXSourcesBuildPhase section */

/* Begin PBXVariantGroup section */
		F4FDAC0622BCD1EF002879CA /* LaunchScreen.storyboard */ = {
			isa = PBXVariantGroup;
			children = (
				F4FDAC0722BCD1EF002879CA /* Base */,
			);
			name = LaunchScreen.storyboard;
			sourceTree = "<group>";
		};
/* End PBXVariantGroup section */

/* Begin XCBuildConfiguration section */
		F4FDAC0A22BCD1EF002879CA /* Debug */ = {
			isa = XCBuildConfiguration;
			buildSettings = {
				ALWAYS_SEARCH_USER_PATHS = NO;
				CLANG_ANALYZER_NONNULL = YES;
				CLANG_ANALYZER_NUMBER_OBJECT_CONVERSION = YES_AGGRESSIVE;
				CLANG_CXX_LANGUAGE_STANDARD = "gnu++14";
				CLANG_CXX_LIBRARY = "libc++";
				CLANG_ENABLE_MODULES = YES;
				CLANG_ENABLE_OBJC_ARC = YES;
				CLANG_ENABLE_OBJC_WEAK = YES;
				CLANG_WARN_BLOCK_CAPTURE_AUTORELEASING = YES;
				CLANG_WARN_BOOL_CONVERSION = YES;
				CLANG_WARN_COMMA = YES;
				CLANG_WARN_CONSTANT_CONVERSION = YES;
				CLANG_WARN_DEPRECATED_OBJC_IMPLEMENTATIONS = YES;
				CLANG_WARN_DIRECT_OBJC_ISA_USAGE = YES_ERROR;
				CLANG_WARN_DOCUMENTATION_COMMENTS = YES;
				CLANG_WARN_EMPTY_BODY = YES;
				CLANG_WARN_ENUM_CONVERSION = YES;
				CLANG_WARN_INFINITE_RECURSION = YES;
				CLANG_WARN_INT_CONVERSION = YES;
				CLANG_WARN_NON_LITERAL_NULL_CONVERSION = YES;
				CLANG_WARN_OBJC_IMPLICIT_RETAIN_SELF = YES;
				CLANG_WARN_OBJC_LITERAL_CONVERSION = YES;
				CLANG_WARN_OBJC_ROOT_CLASS = YES_ERROR;
				CLANG_WARN_QUOTED_INCLUDE_IN_FRAMEWORK_HEADER = YES;
				CLANG_WARN_RANGE_LOOP_ANALYSIS = YES;
				CLANG_WARN_STRICT_PROTOTYPES = YES;
				CLANG_WARN_SUSPICIOUS_MOVE = YES;
				CLANG_WARN_UNGUARDED_AVAILABILITY = YES_AGGRESSIVE;
				CLANG_WARN_UNREACHABLE_CODE = YES;
				CLANG_WARN__DUPLICATE_METHOD_MATCH = YES;
				COPY_PHASE_STRIP = NO;
				DEBUG_INFORMATION_FORMAT = dwarf;
				ENABLE_STRICT_OBJC_MSGSEND = YES;
				ENABLE_TESTABILITY = YES;
				GCC_C_LANGUAGE_STANDARD = gnu11;
				GCC_DYNAMIC_NO_PIC = NO;
				GCC_NO_COMMON_BLOCKS = YES;
				GCC_OPTIMIZATION_LEVEL = 0;
				GCC_PREPROCESSOR_DEFINITIONS = (
					"DEBUG=1",
					"$(inherited)",
				);
				GCC_WARN_64_TO_32_BIT_CONVERSION = YES;
				GCC_WARN_ABOUT_RETURN_TYPE = YES_ERROR;
				GCC_WARN_UNDECLARED_SELECTOR = YES;
				GCC_WARN_UNINITIALIZED_AUTOS = YES_AGGRESSIVE;
				GCC_WARN_UNUSED_FUNCTION = YES;
				GCC_WARN_UNUSED_VARIABLE = YES;
				IPHONEOS_DEPLOYMENT_TARGET = 14.0;
				MTL_ENABLE_DEBUG_INFO = INCLUDE_SOURCE;
				MTL_FAST_MATH = YES;
				ONLY_ACTIVE_ARCH = YES;
				SDKROOT = iphoneos;
				SWIFT_ACTIVE_COMPILATION_CONDITIONS = DEBUG;
				SWIFT_OPTIMIZATION_LEVEL = "-Onone";
			};
			name = Debug;
		};
		F4FDAC0B22BCD1EF002879CA /* Release */ = {
			isa = XCBuildConfiguration;
			buildSettings = {
				ALWAYS_SEARCH_USER_PATHS = NO;
				CLANG_ANALYZER_NONNULL = YES;
				CLANG_ANALYZER_NUMBER_OBJECT_CONVERSION = YES_AGGRESSIVE;
				CLANG_CXX_LANGUAGE_STANDARD = "gnu++14";
				CLANG_CXX_LIBRARY = "libc++";
				CLANG_ENABLE_MODULES = YES;
				CLANG_ENABLE_OBJC_ARC = YES;
				CLANG_ENABLE_OBJC_WEAK = YES;
				CLANG_WARN_BLOCK_CAPTURE_AUTORELEASING = YES;
				CLANG_WARN_BOOL_CONVERSION = YES;
				CLANG_WARN_COMMA = YES;
				CLANG_WARN_CONSTANT_CONVERSION = YES;
				CLANG_WARN_DEPRECATED_OBJC_IMPLEMENTATIONS = YES;
				CLANG_WARN_DIRECT_OBJC_ISA_USAGE = YES_ERROR;
				CLANG_WARN_DOCUMENTATION_COMMENTS = YES;
				CLANG_WARN_EMPTY_BODY = YES;
				CLANG_WARN_ENUM_CONVERSION = YES;
				CLANG_WARN_INFINITE_RECURSION = YES;
				CLANG_WARN_INT_CONVERSION = YES;
				CLANG_WARN_NON_LITERAL_NULL_CONVERSION = YES;
				CLANG_WARN_OBJC_IMPLICIT_RETAIN_SELF = YES;
				CLANG_WARN_OBJC_LITERAL_CONVERSION = YES;
				CLANG_WARN_OBJC_ROOT_CLASS = YES_ERROR;
				CLANG_WARN_QUOTED_INCLUDE_IN_FRAMEWORK_HEADER = YES;
				CLANG_WARN_RANGE_LOOP_ANALYSIS = YES;
				CLANG_WARN_STRICT_PROTOTYPES = YES;
				CLANG_WARN_SUSPICIOUS_MOVE = YES;
				CLANG_WARN_UNGUARDED_AVAILABILITY = YES_AGGRESSIVE;
				CLANG_WARN_UNREACHABLE_CODE = YES;
				CLANG_WARN__DUPLICATE_METHOD_MATCH = YES;
				COPY_PHASE_STRIP = NO;
				DEBUG_INFORMATION_FORMAT = "dwarf-with-dsym";
				ENABLE_NS_ASSERTIONS = NO;
				ENABLE_STRICT_OBJC_MSGSEND = YES;
				GCC_C_LANGUAGE_STANDARD = gnu11;
				GCC_NO_COMMON_BLOCKS = YES;
				GCC_WARN_64_TO_32_BIT_CONVERSION = YES;
				GCC_WARN_ABOUT_RETURN_TYPE = YES_ERROR;
				GCC_WARN_UNDECLARED_SELECTOR = YES;
				GCC_WARN_UNINITIALIZED_AUTOS = YES_AGGRESSIVE;
				GCC_WARN_UNUSED_FUNCTION = YES;
				GCC_WARN_UNUSED_VARIABLE = YES;
				IPHONEOS_DEPLOYMENT_TARGET = 14.0;
				MTL_ENABLE_DEBUG_INFO = NO;
				MTL_FAST_MATH = YES;
				SDKROOT = iphoneos;
				SWIFT_COMPILATION_MODE = wholemodule;
				SWIFT_OPTIMIZATION_LEVEL = "-O";
				VALIDATE_PRODUCT = YES;
			};
			name = Release;
		};
		F4FDAC0D22BCD1EF002879CA /* Debug */ = {
			isa = XCBuildConfiguration;
			buildSettings = {
				ASSETCATALOG_COMPILER_APPICON_NAME = AppIcon;
				CLANG_ENABLE_MODULES = YES;
				CODE_SIGN_ENTITLEMENTS = iRouming/iRouming.entitlements;
				CODE_SIGN_IDENTITY = "Apple Development";
				CODE_SIGN_STYLE = Automatic;
				DEVELOPMENT_ASSET_PATHS = "iRouming/Preview\\ Content";
				DEVELOPMENT_TEAM = 54F29SU2PQ;
				ENABLE_PREVIEWS = YES;
				FRAMEWORK_SEARCH_PATHS = (
					"$(inherited)",
					"$(PROJECT_DIR)/iRouming/YouTube/**",
					"$(PROJECT_DIR)/iRouming/YouTube",
				);
				INFOPLIST_FILE = iRouming/Info.plist;
				LD_RUNPATH_SEARCH_PATHS = (
					"$(inherited)",
					"@executable_path/Frameworks",
				);
				PRODUCT_BUNDLE_IDENTIFIER = lb.iphone.iRouming;
				PRODUCT_NAME = "$(TARGET_NAME)";
				PROVISIONING_PROFILE_SPECIFIER = "";
				SWIFT_OBJC_BRIDGING_HEADER = "iRouming/YouTube/iRouming-Bridging-Header.h";
				SWIFT_OPTIMIZATION_LEVEL = "-Onone";
				SWIFT_VERSION = 5.0;
				TARGETED_DEVICE_FAMILY = 1;
			};
			name = Debug;
		};
		F4FDAC0E22BCD1EF002879CA /* Release */ = {
			isa = XCBuildConfiguration;
			buildSettings = {
				ASSETCATALOG_COMPILER_APPICON_NAME = AppIcon;
				CLANG_ENABLE_MODULES = YES;
				CODE_SIGN_ENTITLEMENTS = iRouming/iRouming.entitlements;
				CODE_SIGN_IDENTITY = "Apple Development";
				CODE_SIGN_STYLE = Automatic;
				DEVELOPMENT_ASSET_PATHS = "iRouming/Preview\\ Content";
				DEVELOPMENT_TEAM = 54F29SU2PQ;
				ENABLE_PREVIEWS = YES;
				FRAMEWORK_SEARCH_PATHS = (
					"$(inherited)",
					"$(PROJECT_DIR)/iRouming/YouTube/**",
					"$(PROJECT_DIR)/iRouming/YouTube",
				);
				INFOPLIST_FILE = iRouming/Info.plist;
				LD_RUNPATH_SEARCH_PATHS = (
					"$(inherited)",
					"@executable_path/Frameworks",
				);
				PRODUCT_BUNDLE_IDENTIFIER = lb.iphone.iRouming;
				PRODUCT_NAME = "$(TARGET_NAME)";
				PROVISIONING_PROFILE_SPECIFIER = "";
				SWIFT_OBJC_BRIDGING_HEADER = "iRouming/YouTube/iRouming-Bridging-Header.h";
				SWIFT_VERSION = 5.0;
				TARGETED_DEVICE_FAMILY = 1;
			};
			name = Release;
		};
/* End XCBuildConfiguration section */

/* Begin XCConfigurationList section */
		F4FDABF322BCD1ED002879CA /* Build configuration list for PBXProject "iRouming" */ = {
			isa = XCConfigurationList;
			buildConfigurations = (
				F4FDAC0A22BCD1EF002879CA /* Debug */,
				F4FDAC0B22BCD1EF002879CA /* Release */,
			);
			defaultConfigurationIsVisible = 0;
			defaultConfigurationName = Release;
		};
		F4FDAC0C22BCD1EF002879CA /* Build configuration list for PBXNativeTarget "iRouming" */ = {
			isa = XCConfigurationList;
			buildConfigurations = (
				F4FDAC0D22BCD1EF002879CA /* Debug */,
				F4FDAC0E22BCD1EF002879CA /* Release */,
			);
			defaultConfigurationIsVisible = 0;
			defaultConfigurationName = Release;
		};
/* End XCConfigurationList section */

/* Begin XCRemoteSwiftPackageReference section */
		F48ED59325D67CE2001EE8E8 /* XCRemoteSwiftPackageReference "firebase-ios-sdk" */ = {
			isa = XCRemoteSwiftPackageReference;
			repositoryURL = "https://github.com/firebase/firebase-ios-sdk.git";
			requirement = {
				kind = upToNextMajorVersion;
				minimumVersion = 7.6.0;
			};
		};
		F48ED5A025D6DE7A001EE8E8 /* XCRemoteSwiftPackageReference "lottie-ios" */ = {
			isa = XCRemoteSwiftPackageReference;
			repositoryURL = "https://github.com/airbnb/lottie-ios";
			requirement = {
				kind = upToNextMajorVersion;
				minimumVersion = 3.2.1;
			};
		};
		F48ED5B125D7EAD2001EE8E8 /* XCRemoteSwiftPackageReference "ToastUI" */ = {
			isa = XCRemoteSwiftPackageReference;
			repositoryURL = "https://github.com/quanshousio/ToastUI";
			requirement = {
				kind = upToNextMajorVersion;
				minimumVersion = 2.0.0;
			};
		};
		F4C7BE6625115D0500F75D4F /* XCRemoteSwiftPackageReference "SDWebImageSwiftUI" */ = {
			isa = XCRemoteSwiftPackageReference;
			repositoryURL = "https://github.com/SDWebImage/SDWebImageSwiftUI.git";
			requirement = {
				kind = upToNextMajorVersion;
				minimumVersion = 1.5.0;
			};
		};
/* End XCRemoteSwiftPackageReference section */

/* Begin XCSwiftPackageProductDependency section */
		F48ED59425D67CE2001EE8E8 /* FirebaseAnalytics */ = {
			isa = XCSwiftPackageProductDependency;
			package = F48ED59325D67CE2001EE8E8 /* XCRemoteSwiftPackageReference "firebase-ios-sdk" */;
			productName = FirebaseAnalytics;
		};
		F48ED59625D67CE2001EE8E8 /* FirebaseCrashlytics */ = {
			isa = XCSwiftPackageProductDependency;
			package = F48ED59325D67CE2001EE8E8 /* XCRemoteSwiftPackageReference "firebase-ios-sdk" */;
			productName = FirebaseCrashlytics;
		};
		F48ED5A125D6DE7A001EE8E8 /* Lottie */ = {
			isa = XCSwiftPackageProductDependency;
			package = F48ED5A025D6DE7A001EE8E8 /* XCRemoteSwiftPackageReference "lottie-ios" */;
			productName = Lottie;
		};
		F48ED5B225D7EAD2001EE8E8 /* ToastUI */ = {
			isa = XCSwiftPackageProductDependency;
			package = F48ED5B125D7EAD2001EE8E8 /* XCRemoteSwiftPackageReference "ToastUI" */;
			productName = ToastUI;
		};
		F4C7BE6725115D0500F75D4F /* SDWebImageSwiftUI */ = {
			isa = XCSwiftPackageProductDependency;
			package = F4C7BE6625115D0500F75D4F /* XCRemoteSwiftPackageReference "SDWebImageSwiftUI" */;
			productName = SDWebImageSwiftUI;
		};
/* End XCSwiftPackageProductDependency section */
	};
	rootObject = F4FDABF022BCD1ED002879CA /* Project object */;
}
